
Microsoft Visual Studio Solution File, Format Version 12.00
# Visual Studio Version 16
VisualStudioVersion = 16.0.29709.97
MinimumVisualStudioVersion = 10.0.40219.1
Project("{2150E333-8FDC-42A3-9474-1A3956D46DE8}") = "Ch01", "Ch01", "{9429FA6C-8F2E-4637-A773-A1925C157011}"
EndProject
Project("{8BC9CEB8-8B4A-11D0-8D11-00A0C91BC942}") = "FirstApp", "FirstApp\FirstApp.vcxproj", "{09190939-9969-4BED-A513-6CB3B4B22903}"
EndProject
Project("{8BC9CEB8-8B4A-11D0-8D11-00A0C91BC942}") = "TemplateTest", "TemplateTest\TemplateTest.vcxproj", "{7926153B-AFE4-4F68-8E3B-2BE459748EBA}"
EndProject
Project("{8BC9CEB8-8B4A-11D0-8D11-00A0C91BC942}") = "EscapeTest", "EscapeTest\EscapeTest.vcxproj", "{EFEBF3DB-B61D-4DBF-83C4-2F66C998929D}"
EndProject
Project("{2150E333-8FDC-42A3-9474-1A3956D46DE8}") = "Ch03", "Ch03", "{0EB97192-542F-4B14-AC0C-031722A941D6}"
EndProject
Project("{8BC9CEB8-8B4A-11D0-8D11-00A0C91BC942}") = "VarTest", "VarTest\VarTest.vcxproj", "{FBD255F8-73E5-44DE-BB68-17B043A2E416}"
EndProject
Project("{8BC9CEB8-8B4A-11D0-8D11-00A0C91BC942}") = "StringTest", "StringTest\StringTest.vcxproj", "{AB60D7FB-9361-486F-906B-730F910584D4}"
EndProject
Project("{2150E333-8FDC-42A3-9474-1A3956D46DE8}") = "Ch04", "Ch04", "{B40F62E9-858D-46A3-BE5E-70238E69003B}"
EndProject
Project("{8BC9CEB8-8B4A-11D0-8D11-00A0C91BC942}") = "DivideTest", "DivideTest\DivideTest.vcxproj", "{ADB03850-5898-4B31-B6C3-B171A2B6AA5C}"
EndProject
Project("{8BC9CEB8-8B4A-11D0-8D11-00A0C91BC942}") = "CastTest", "CastTest\CastTest.vcxproj", "{CD8746B4-AEC9-41A0-A7F3-A1BFC23A60D9}"
EndProject
Project("{8BC9CEB8-8B4A-11D0-8D11-00A0C91BC942}") = "Op", "Op\Op.vcxproj", "{15BAA0DB-3A1E-483D-99AB-C90B9E63CEDE}"
EndProject
Project("{2150E333-8FDC-42A3-9474-1A3956D46DE8}") = "Ch05", "Ch05", "{C15FB094-5ED1-4F1F-BE43-831464A6BF65}"
EndProject
Project("{8BC9CEB8-8B4A-11D0-8D11-00A0C91BC942}") = "ifTestApp", "ifTestApp\ifTestApp.vcxproj", "{C8B1EAED-B1FF-4A6F-9796-AF18E8991184}"
EndProject
Project("{8BC9CEB8-8B4A-11D0-8D11-00A0C91BC942}") = "switchTestApp", "switchTestApp\switchTestApp.vcxproj", "{201C113A-DC6D-4B47-A219-929A3EBA1A61}"
EndProject
Project("{2150E333-8FDC-42A3-9474-1A3956D46DE8}") = "Ch06", "Ch06", "{083FAA24-DE30-4522-AA26-D4001D22F9D5}"
EndProject
Project("{8BC9CEB8-8B4A-11D0-8D11-00A0C91BC942}") = "whileTestApp", "whileTestApp\whileTestApp.vcxproj", "{46B78EA0-B8F3-4F67-AF89-3C1B3E482535}"
EndProject
Project("{8BC9CEB8-8B4A-11D0-8D11-00A0C91BC942}") = "forTestApp", "forTestApp\forTestApp.vcxproj", "{3209CCA1-1E27-4B04-B371-82FB2A1E3436}"
EndProject
Project("{8BC9CEB8-8B4A-11D0-8D11-00A0C91BC942}") = "MultiTableApp", "MultiTableApp\MultiTableApp.vcxproj", "{98F90DDA-3751-4E15-A36F-D5348197C09D}"
EndProject
Project("{2150E333-8FDC-42A3-9474-1A3956D46DE8}") = "Ch07", "Ch07", "{789F6BD0-9141-4B13-B178-D70CB12D1B79}"
EndProject
Project("{8BC9CEB8-8B4A-11D0-8D11-00A0C91BC942}") = "functionTestApp", "functionTestApp\functionTestApp.vcxproj", "{10781075-815D-481E-95F6-024085D24FBE}"
EndProject
Global
	GlobalSection(SolutionConfigurationPlatforms) = preSolution
		Debug|x64 = Debug|x64
		Debug|x86 = Debug|x86
		Release|x64 = Release|x64
		Release|x86 = Release|x86
	EndGlobalSection
	GlobalSection(ProjectConfigurationPlatforms) = postSolution
		{09190939-9969-4BED-A513-6CB3B4B22903}.Debug|x64.ActiveCfg = Debug|x64
		{09190939-9969-4BED-A513-6CB3B4B22903}.Debug|x64.Build.0 = Debug|x64
		{09190939-9969-4BED-A513-6CB3B4B22903}.Debug|x86.ActiveCfg = Debug|Win32
		{09190939-9969-4BED-A513-6CB3B4B22903}.Debug|x86.Build.0 = Debug|Win32
		{09190939-9969-4BED-A513-6CB3B4B22903}.Release|x64.ActiveCfg = Release|x64
		{09190939-9969-4BED-A513-6CB3B4B22903}.Release|x64.Build.0 = Release|x64
		{09190939-9969-4BED-A513-6CB3B4B22903}.Release|x86.ActiveCfg = Release|Win32
		{09190939-9969-4BED-A513-6CB3B4B22903}.Release|x86.Build.0 = Release|Win32
		{7926153B-AFE4-4F68-8E3B-2BE459748EBA}.Debug|x64.ActiveCfg = Debug|x64
		{7926153B-AFE4-4F68-8E3B-2BE459748EBA}.Debug|x64.Build.0 = Debug|x64
		{7926153B-AFE4-4F68-8E3B-2BE459748EBA}.Debug|x86.ActiveCfg = Debug|Win32
		{7926153B-AFE4-4F68-8E3B-2BE459748EBA}.Debug|x86.Build.0 = Debug|Win32
		{7926153B-AFE4-4F68-8E3B-2BE459748EBA}.Release|x64.ActiveCfg = Release|x64
		{7926153B-AFE4-4F68-8E3B-2BE459748EBA}.Release|x64.Build.0 = Release|x64
		{7926153B-AFE4-4F68-8E3B-2BE459748EBA}.Release|x86.ActiveCfg = Release|Win32
		{7926153B-AFE4-4F68-8E3B-2BE459748EBA}.Release|x86.Build.0 = Release|Win32
		{EFEBF3DB-B61D-4DBF-83C4-2F66C998929D}.Debug|x64.ActiveCfg = Debug|x64
		{EFEBF3DB-B61D-4DBF-83C4-2F66C998929D}.Debug|x64.Build.0 = Debug|x64
		{EFEBF3DB-B61D-4DBF-83C4-2F66C998929D}.Debug|x86.ActiveCfg = Debug|Win32
		{EFEBF3DB-B61D-4DBF-83C4-2F66C998929D}.Debug|x86.Build.0 = Debug|Win32
		{EFEBF3DB-B61D-4DBF-83C4-2F66C998929D}.Release|x64.ActiveCfg = Release|x64
		{EFEBF3DB-B61D-4DBF-83C4-2F66C998929D}.Release|x64.Build.0 = Release|x64
		{EFEBF3DB-B61D-4DBF-83C4-2F66C998929D}.Release|x86.ActiveCfg = Release|Win32
		{EFEBF3DB-B61D-4DBF-83C4-2F66C998929D}.Release|x86.Build.0 = Release|Win32
		{FBD255F8-73E5-44DE-BB68-17B043A2E416}.Debug|x64.ActiveCfg = Debug|x64
		{FBD255F8-73E5-44DE-BB68-17B043A2E416}.Debug|x64.Build.0 = Debug|x64
		{FBD255F8-73E5-44DE-BB68-17B043A2E416}.Debug|x86.ActiveCfg = Debug|Win32
		{FBD255F8-73E5-44DE-BB68-17B043A2E416}.Debug|x86.Build.0 = Debug|Win32
		{FBD255F8-73E5-44DE-BB68-17B043A2E416}.Release|x64.ActiveCfg = Release|x64
		{FBD255F8-73E5-44DE-BB68-17B043A2E416}.Release|x64.Build.0 = Release|x64
		{FBD255F8-73E5-44DE-BB68-17B043A2E416}.Release|x86.ActiveCfg = Release|Win32
		{FBD255F8-73E5-44DE-BB68-17B043A2E416}.Release|x86.Build.0 = Release|Win32
		{AB60D7FB-9361-486F-906B-730F910584D4}.Debug|x64.ActiveCfg = Debug|x64
		{AB60D7FB-9361-486F-906B-730F910584D4}.Debug|x64.Build.0 = Debug|x64
		{AB60D7FB-9361-486F-906B-730F910584D4}.Debug|x86.ActiveCfg = Debug|Win32
		{AB60D7FB-9361-486F-906B-730F910584D4}.Debug|x86.Build.0 = Debug|Win32
		{AB60D7FB-9361-486F-906B-730F910584D4}.Release|x64.ActiveCfg = Release|x64
		{AB60D7FB-9361-486F-906B-730F910584D4}.Release|x64.Build.0 = Release|x64
		{AB60D7FB-9361-486F-906B-730F910584D4}.Release|x86.ActiveCfg = Release|Win32
		{AB60D7FB-9361-486F-906B-730F910584D4}.Release|x86.Build.0 = Release|Win32
		{ADB03850-5898-4B31-B6C3-B171A2B6AA5C}.Debug|x64.ActiveCfg = Debug|x64
		{ADB03850-5898-4B31-B6C3-B171A2B6AA5C}.Debug|x64.Build.0 = Debug|x64
		{ADB03850-5898-4B31-B6C3-B171A2B6AA5C}.Debug|x86.ActiveCfg = Debug|Win32
		{ADB03850-5898-4B31-B6C3-B171A2B6AA5C}.Debug|x86.Build.0 = Debug|Win32
		{ADB03850-5898-4B31-B6C3-B171A2B6AA5C}.Release|x64.ActiveCfg = Release|x64
		{ADB03850-5898-4B31-B6C3-B171A2B6AA5C}.Release|x64.Build.0 = Release|x64
		{ADB03850-5898-4B31-B6C3-B171A2B6AA5C}.Release|x86.ActiveCfg = Release|Win32
		{ADB03850-5898-4B31-B6C3-B171A2B6AA5C}.Release|x86.Build.0 = Release|Win32
		{CD8746B4-AEC9-41A0-A7F3-A1BFC23A60D9}.Debug|x64.ActiveCfg = Debug|x64
		{CD8746B4-AEC9-41A0-A7F3-A1BFC23A60D9}.Debug|x64.Build.0 = Debug|x64
		{CD8746B4-AEC9-41A0-A7F3-A1BFC23A60D9}.Debug|x86.ActiveCfg = Debug|Win32
		{CD8746B4-AEC9-41A0-A7F3-A1BFC23A60D9}.Debug|x86.Build.0 = Debug|Win32
		{CD8746B4-AEC9-41A0-A7F3-A1BFC23A60D9}.Release|x64.ActiveCfg = Release|x64
		{CD8746B4-AEC9-41A0-A7F3-A1BFC23A60D9}.Release|x64.Build.0 = Release|x64
		{CD8746B4-AEC9-41A0-A7F3-A1BFC23A60D9}.Release|x86.ActiveCfg = Release|Win32
		{CD8746B4-AEC9-41A0-A7F3-A1BFC23A60D9}.Release|x86.Build.0 = Release|Win32
		{15BAA0DB-3A1E-483D-99AB-C90B9E63CEDE}.Debug|x64.ActiveCfg = Debug|x64
		{15BAA0DB-3A1E-483D-99AB-C90B9E63CEDE}.Debug|x64.Build.0 = Debug|x64
		{15BAA0DB-3A1E-483D-99AB-C90B9E63CEDE}.Debug|x86.ActiveCfg = Debug|Win32
		{15BAA0DB-3A1E-483D-99AB-C90B9E63CEDE}.Debug|x86.Build.0 = Debug|Win32
		{15BAA0DB-3A1E-483D-99AB-C90B9E63CEDE}.Release|x64.ActiveCfg = Release|x64
		{15BAA0DB-3A1E-483D-99AB-C90B9E63CEDE}.Release|x64.Build.0 = Release|x64
		{15BAA0DB-3A1E-483D-99AB-C90B9E63CEDE}.Release|x86.ActiveCfg = Release|Win32
		{15BAA0DB-3A1E-483D-99AB-C90B9E63CEDE}.Release|x86.Build.0 = Release|Win32
		{C8B1EAED-B1FF-4A6F-9796-AF18E8991184}.Debug|x64.ActiveCfg = Debug|x64
		{C8B1EAED-B1FF-4A6F-9796-AF18E8991184}.Debug|x64.Build.0 = Debug|x64
		{C8B1EAED-B1FF-4A6F-9796-AF18E8991184}.Debug|x86.ActiveCfg = Debug|Win32
		{C8B1EAED-B1FF-4A6F-9796-AF18E8991184}.Debug|x86.Build.0 = Debug|Win32
		{C8B1EAED-B1FF-4A6F-9796-AF18E8991184}.Release|x64.ActiveCfg = Release|x64
		{C8B1EAED-B1FF-4A6F-9796-AF18E8991184}.Release|x64.Build.0 = Release|x64
		{C8B1EAED-B1FF-4A6F-9796-AF18E8991184}.Release|x86.ActiveCfg = Release|Win32
		{C8B1EAED-B1FF-4A6F-9796-AF18E8991184}.Release|x86.Build.0 = Release|Win32
		{201C113A-DC6D-4B47-A219-929A3EBA1A61}.Debug|x64.ActiveCfg = Debug|x64
		{201C113A-DC6D-4B47-A219-929A3EBA1A61}.Debug|x64.Build.0 = Debug|x64
		{201C113A-DC6D-4B47-A219-929A3EBA1A61}.Debug|x86.ActiveCfg = Debug|Win32
		{201C113A-DC6D-4B47-A219-929A3EBA1A61}.Debug|x86.Build.0 = Debug|Win32
		{201C113A-DC6D-4B47-A219-929A3EBA1A61}.Release|x64.ActiveCfg = Release|x64
		{201C113A-DC6D-4B47-A219-929A3EBA1A61}.Release|x64.Build.0 = Release|x64
		{201C113A-DC6D-4B47-A219-929A3EBA1A61}.Release|x86.ActiveCfg = Release|Win32
		{201C113A-DC6D-4B47-A219-929A3EBA1A61}.Release|x86.Build.0 = Release|Win32
		{46B78EA0-B8F3-4F67-AF89-3C1B3E482535}.Debug|x64.ActiveCfg = Debug|x64
		{46B78EA0-B8F3-4F67-AF89-3C1B3E482535}.Debug|x64.Build.0 = Debug|x64
		{46B78EA0-B8F3-4F67-AF89-3C1B3E482535}.Debug|x86.ActiveCfg = Debug|Win32
		{46B78EA0-B8F3-4F67-AF89-3C1B3E482535}.Debug|x86.Build.0 = Debug|Win32
		{46B78EA0-B8F3-4F67-AF89-3C1B3E482535}.Release|x64.ActiveCfg = Release|x64
		{46B78EA0-B8F3-4F67-AF89-3C1B3E482535}.Release|x64.Build.0 = Release|x64
		{46B78EA0-B8F3-4F67-AF89-3C1B3E482535}.Release|x86.ActiveCfg = Release|Win32
		{46B78EA0-B8F3-4F67-AF89-3C1B3E482535}.Release|x86.Build.0 = Release|Win32
		{3209CCA1-1E27-4B04-B371-82FB2A1E3436}.Debug|x64.ActiveCfg = Debug|x64
		{3209CCA1-1E27-4B04-B371-82FB2A1E3436}.Debug|x64.Build.0 = Debug|x64
		{3209CCA1-1E27-4B04-B371-82FB2A1E3436}.Debug|x86.ActiveCfg = Debug|Win32
		{3209CCA1-1E27-4B04-B371-82FB2A1E3436}.Debug|x86.Build.0 = Debug|Win32
		{3209CCA1-1E27-4B04-B371-82FB2A1E3436}.Release|x64.ActiveCfg = Release|x64
		{3209CCA1-1E27-4B04-B371-82FB2A1E3436}.Release|x64.Build.0 = Release|x64
		{3209CCA1-1E27-4B04-B371-82FB2A1E3436}.Release|x86.ActiveCfg = Release|Win32
		{3209CCA1-1E27-4B04-B371-82FB2A1E3436}.Release|x86.Build.0 = Release|Win32
		{98F90DDA-3751-4E15-A36F-D5348197C09D}.Debug|x64.ActiveCfg = Debug|x64
		{98F90DDA-3751-4E15-A36F-D5348197C09D}.Debug|x64.Build.0 = Debug|x64
		{98F90DDA-3751-4E15-A36F-D5348197C09D}.Debug|x86.ActiveCfg = Debug|Win32
		{98F90DDA-3751-4E15-A36F-D5348197C09D}.Debug|x86.Build.0 = Debug|Win32
		{98F90DDA-3751-4E15-A36F-D5348197C09D}.Release|x64.ActiveCfg = Release|x64
		{98F90DDA-3751-4E15-A36F-D5348197C09D}.Release|x64.Build.0 = Release|x64
		{98F90DDA-3751-4E15-A36F-D5348197C09D}.Release|x86.ActiveCfg = Release|Win32
		{98F90DDA-3751-4E15-A36F-D5348197C09D}.Release|x86.Build.0 = Release|Win32
		{10781075-815D-481E-95F6-024085D24FBE}.Debug|x64.ActiveCfg = Debug|x64
		{10781075-815D-481E-95F6-024085D24FBE}.Debug|x64.Build.0 = Debug|x64
		{10781075-815D-481E-95F6-024085D24FBE}.Debug|x86.ActiveCfg = Debug|Win32
		{10781075-815D-481E-95F6-024085D24FBE}.Debug|x86.Build.0 = Debug|Win32
		{10781075-815D-481E-95F6-024085D24FBE}.Release|x64.ActiveCfg = Release|x64
		{10781075-815D-481E-95F6-024085D24FBE}.Release|x64.Build.0 = Release|x64
		{10781075-815D-481E-95F6-024085D24FBE}.Release|x86.ActiveCfg = Release|Win32
		{10781075-815D-481E-95F6-024085D24FBE}.Release|x86.Build.0 = Release|Win32
	EndGlobalSection
	GlobalSection(SolutionProperties) = preSolution
		HideSolutionNode = FALSE
	EndGlobalSection
	GlobalSection(NestedProjects) = preSolution
		{09190939-9969-4BED-A513-6CB3B4B22903} = {9429FA6C-8F2E-4637-A773-A1925C157011}
		{7926153B-AFE4-4F68-8E3B-2BE459748EBA} = {9429FA6C-8F2E-4637-A773-A1925C157011}
		{EFEBF3DB-B61D-4DBF-83C4-2F66C998929D} = {9429FA6C-8F2E-4637-A773-A1925C157011}
		{FBD255F8-73E5-44DE-BB68-17B043A2E416} = {0EB97192-542F-4B14-AC0C-031722A941D6}
		{AB60D7FB-9361-486F-906B-730F910584D4} = {0EB97192-542F-4B14-AC0C-031722A941D6}
		{ADB03850-5898-4B31-B6C3-B171A2B6AA5C} = {B40F62E9-858D-46A3-BE5E-70238E69003B}
		{CD8746B4-AEC9-41A0-A7F3-A1BFC23A60D9} = {B40F62E9-858D-46A3-BE5E-70238E69003B}
		{15BAA0DB-3A1E-483D-99AB-C90B9E63CEDE} = {B40F62E9-858D-46A3-BE5E-70238E69003B}
		{C8B1EAED-B1FF-4A6F-9796-AF18E8991184} = {C15FB094-5ED1-4F1F-BE43-831464A6BF65}
		{201C113A-DC6D-4B47-A219-929A3EBA1A61} = {C15FB094-5ED1-4F1F-BE43-831464A6BF65}
		{46B78EA0-B8F3-4F67-AF89-3C1B3E482535} = {083FAA24-DE30-4522-AA26-D4001D22F9D5}
		{3209CCA1-1E27-4B04-B371-82FB2A1E3436} = {083FAA24-DE30-4522-AA26-D4001D22F9D5}
		{98F90DDA-3751-4E15-A36F-D5348197C09D} = {083FAA24-DE30-4522-AA26-D4001D22F9D5}
		{10781075-815D-481E-95F6-024085D24FBE} = {789F6BD0-9141-4B13-B178-D70CB12D1B79}
	EndGlobalSection
	GlobalSection(ExtensibilityGlobals) = postSolution
		SolutionGuid = {04F335FB-30FC-4182-9382-1651560DD8C2}
	EndGlobalSection
EndGlobal
