
Microsoft Visual Studio Solution File, Format Version 12.00
# Visual Studio Version 16
VisualStudioVersion = 16.0.29709.97
MinimumVisualStudioVersion = 10.0.40219.1
Project("{2150E333-8FDC-42A3-9474-1A3956D46DE8}") = "Ch01", "Ch01", "{9429FA6C-8F2E-4637-A773-A1925C157011}"
EndProject
Project("{8BC9CEB8-8B4A-11D0-8D11-00A0C91BC942}") = "FirstApp", "FirstApp\FirstApp.vcxproj", "{09190939-9969-4BED-A513-6CB3B4B22903}"
EndProject
Project("{8BC9CEB8-8B4A-11D0-8D11-00A0C91BC942}") = "TemplateTest", "TemplateTest\TemplateTest.vcxproj", "{7926153B-AFE4-4F68-8E3B-2BE459748EBA}"
EndProject
Project("{8BC9CEB8-8B4A-11D0-8D11-00A0C91BC942}") = "EscapeTest", "EscapeTest\EscapeTest.vcxproj", "{EFEBF3DB-B61D-4DBF-83C4-2F66C998929D}"
EndProject
Project("{2150E333-8FDC-42A3-9474-1A3956D46DE8}") = "Ch03", "Ch03", "{0EB97192-542F-4B14-AC0C-031722A941D6}"
EndProject
Project("{8BC9CEB8-8B4A-11D0-8D11-00A0C91BC942}") = "VarTest", "VarTest\VarTest.vcxproj", "{FBD255F8-73E5-44DE-BB68-17B043A2E416}"
EndProject
Project("{8BC9CEB8-8B4A-11D0-8D11-00A0C91BC942}") = "StringTest", "StringTest\StringTest.vcxproj", "{AB60D7FB-9361-486F-906B-730F910584D4}"
EndProject
Global
	GlobalSection(SolutionConfigurationPlatforms) = preSolution
		Debug|x64 = Debug|x64
		Debug|x86 = Debug|x86
		Release|x64 = Release|x64
		Release|x86 = Release|x86
	EndGlobalSection
	GlobalSection(ProjectConfigurationPlatforms) = postSolution
		{09190939-9969-4BED-A513-6CB3B4B22903}.Debug|x64.ActiveCfg = Debug|x64
		{09190939-9969-4BED-A513-6CB3B4B22903}.Debug|x64.Build.0 = Debug|x64
		{09190939-9969-4BED-A513-6CB3B4B22903}.Debug|x86.ActiveCfg = Debug|Win32
		{09190939-9969-4BED-A513-6CB3B4B22903}.Debug|x86.Build.0 = Debug|Win32
		{09190939-9969-4BED-A513-6CB3B4B22903}.Release|x64.ActiveCfg = Release|x64
		{09190939-9969-4BED-A513-6CB3B4B22903}.Release|x64.Build.0 = Release|x64
		{09190939-9969-4BED-A513-6CB3B4B22903}.Release|x86.ActiveCfg = Release|Win32
		{09190939-9969-4BED-A513-6CB3B4B22903}.Release|x86.Build.0 = Release|Win32
		{7926153B-AFE4-4F68-8E3B-2BE459748EBA}.Debug|x64.ActiveCfg = Debug|x64
		{7926153B-AFE4-4F68-8E3B-2BE459748EBA}.Debug|x64.Build.0 = Debug|x64
		{7926153B-AFE4-4F68-8E3B-2BE459748EBA}.Debug|x86.ActiveCfg = Debug|Win32
		{7926153B-AFE4-4F68-8E3B-2BE459748EBA}.Debug|x86.Build.0 = Debug|Win32
		{7926153B-AFE4-4F68-8E3B-2BE459748EBA}.Release|x64.ActiveCfg = Release|x64
		{7926153B-AFE4-4F68-8E3B-2BE459748EBA}.Release|x64.Build.0 = Release|x64
		{7926153B-AFE4-4F68-8E3B-2BE459748EBA}.Release|x86.ActiveCfg = Release|Win32
		{7926153B-AFE4-4F68-8E3B-2BE459748EBA}.Release|x86.Build.0 = Release|Win32
		{EFEBF3DB-B61D-4DBF-83C4-2F66C998929D}.Debug|x64.ActiveCfg = Debug|x64
		{EFEBF3DB-B61D-4DBF-83C4-2F66C998929D}.Debug|x64.Build.0 = Debug|x64
		{EFEBF3DB-B61D-4DBF-83C4-2F66C998929D}.Debug|x86.ActiveCfg = Debug|Win32
		{EFEBF3DB-B61D-4DBF-83C4-2F66C998929D}.Debug|x86.Build.0 = Debug|Win32
		{EFEBF3DB-B61D-4DBF-83C4-2F66C998929D}.Release|x64.ActiveCfg = Release|x64
		{EFEBF3DB-B61D-4DBF-83C4-2F66C998929D}.Release|x64.Build.0 = Release|x64
		{EFEBF3DB-B61D-4DBF-83C4-2F66C998929D}.Release|x86.ActiveCfg = Release|Win32
		{EFEBF3DB-B61D-4DBF-83C4-2F66C998929D}.Release|x86.Build.0 = Release|Win32
		{FBD255F8-73E5-44DE-BB68-17B043A2E416}.Debug|x64.ActiveCfg = Debug|x64
		{FBD255F8-73E5-44DE-BB68-17B043A2E416}.Debug|x64.Build.0 = Debug|x64
		{FBD255F8-73E5-44DE-BB68-17B043A2E416}.Debug|x86.ActiveCfg = Debug|Win32
		{FBD255F8-73E5-44DE-BB68-17B043A2E416}.Debug|x86.Build.0 = Debug|Win32
		{FBD255F8-73E5-44DE-BB68-17B043A2E416}.Release|x64.ActiveCfg = Release|x64
		{FBD255F8-73E5-44DE-BB68-17B043A2E416}.Release|x64.Build.0 = Release|x64
		{FBD255F8-73E5-44DE-BB68-17B043A2E416}.Release|x86.ActiveCfg = Release|Win32
		{FBD255F8-73E5-44DE-BB68-17B043A2E416}.Release|x86.Build.0 = Release|Win32
		{AB60D7FB-9361-486F-906B-730F910584D4}.Debug|x64.ActiveCfg = Debug|x64
		{AB60D7FB-9361-486F-906B-730F910584D4}.Debug|x64.Build.0 = Debug|x64
		{AB60D7FB-9361-486F-906B-730F910584D4}.Debug|x86.ActiveCfg = Debug|Win32
		{AB60D7FB-9361-486F-906B-730F910584D4}.Debug|x86.Build.0 = Debug|Win32
		{AB60D7FB-9361-486F-906B-730F910584D4}.Release|x64.ActiveCfg = Release|x64
		{AB60D7FB-9361-486F-906B-730F910584D4}.Release|x64.Build.0 = Release|x64
		{AB60D7FB-9361-486F-906B-730F910584D4}.Release|x86.ActiveCfg = Release|Win32
		{AB60D7FB-9361-486F-906B-730F910584D4}.Release|x86.Build.0 = Release|Win32
	EndGlobalSection
	GlobalSection(SolutionProperties) = preSolution
		HideSolutionNode = FALSE
	EndGlobalSection
	GlobalSection(NestedProjects) = preSolution
		{09190939-9969-4BED-A513-6CB3B4B22903} = {9429FA6C-8F2E-4637-A773-A1925C157011}
		{7926153B-AFE4-4F68-8E3B-2BE459748EBA} = {9429FA6C-8F2E-4637-A773-A1925C157011}
		{EFEBF3DB-B61D-4DBF-83C4-2F66C998929D} = {9429FA6C-8F2E-4637-A773-A1925C157011}
		{FBD255F8-73E5-44DE-BB68-17B043A2E416} = {0EB97192-542F-4B14-AC0C-031722A941D6}
		{AB60D7FB-9361-486F-906B-730F910584D4} = {0EB97192-542F-4B14-AC0C-031722A941D6}
	EndGlobalSection
	GlobalSection(ExtensibilityGlobals) = postSolution
		SolutionGuid = {04F335FB-30FC-4182-9382-1651560DD8C2}
	EndGlobalSection
EndGlobal
