
Microsoft Visual Studio Solution File, Format Version 12.00
# Visual Studio Version 16
VisualStudioVersion = 16.0.29709.97
MinimumVisualStudioVersion = 10.0.40219.1
Project("{2150E333-8FDC-42A3-9474-1A3956D46DE8}") = "Ch01", "Ch01", "{9429FA6C-8F2E-4637-A773-A1925C157011}"
EndProject
Project("{8BC9CEB8-8B4A-11D0-8D11-00A0C91BC942}") = "FirstApp", "FirstApp\FirstApp.vcxproj", "{09190939-9969-4BED-A513-6CB3B4B22903}"
EndProject
Project("{8BC9CEB8-8B4A-11D0-8D11-00A0C91BC942}") = "TemplateTest", "TemplateTest\TemplateTest.vcxproj", "{7926153B-AFE4-4F68-8E3B-2BE459748EBA}"
EndProject
Project("{8BC9CEB8-8B4A-11D0-8D11-00A0C91BC942}") = "EscapeTest", "EscapeTest\EscapeTest.vcxproj", "{EFEBF3DB-B61D-4DBF-83C4-2F66C998929D}"
EndProject
Project("{2150E333-8FDC-42A3-9474-1A3956D46DE8}") = "Ch03", "Ch03", "{0EB97192-542F-4B14-AC0C-031722A941D6}"
EndProject
Project("{8BC9CEB8-8B4A-11D0-8D11-00A0C91BC942}") = "VarTest", "VarTest\VarTest.vcxproj", "{FBD255F8-73E5-44DE-BB68-17B043A2E416}"
EndProject
Project("{8BC9CEB8-8B4A-11D0-8D11-00A0C91BC942}") = "StringTest", "StringTest\StringTest.vcxproj", "{AB60D7FB-9361-486F-906B-730F910584D4}"
EndProject
Project("{2150E333-8FDC-42A3-9474-1A3956D46DE8}") = "Ch04", "Ch04", "{B40F62E9-858D-46A3-BE5E-70238E69003B}"
EndProject
Project("{8BC9CEB8-8B4A-11D0-8D11-00A0C91BC942}") = "DivideTest", "DivideTest\DivideTest.vcxproj", "{ADB03850-5898-4B31-B6C3-B171A2B6AA5C}"
EndProject
Project("{8BC9CEB8-8B4A-11D0-8D11-00A0C91BC942}") = "CastTest", "CastTest\CastTest.vcxproj", "{CD8746B4-AEC9-41A0-A7F3-A1BFC23A60D9}"
EndProject
Project("{8BC9CEB8-8B4A-11D0-8D11-00A0C91BC942}") = "Op", "Op\Op.vcxproj", "{15BAA0DB-3A1E-483D-99AB-C90B9E63CEDE}"
EndProject
Project("{2150E333-8FDC-42A3-9474-1A3956D46DE8}") = "Ch05", "Ch05", "{C15FB094-5ED1-4F1F-BE43-831464A6BF65}"
EndProject
Project("{8BC9CEB8-8B4A-11D0-8D11-00A0C91BC942}") = "ifTestApp", "ifTestApp\ifTestApp.vcxproj", "{C8B1EAED-B1FF-4A6F-9796-AF18E8991184}"
EndProject
Project("{8BC9CEB8-8B4A-11D0-8D11-00A0C91BC942}") = "switchTestApp", "switchTestApp\switchTestApp.vcxproj", "{201C113A-DC6D-4B47-A219-929A3EBA1A61}"
EndProject
Project("{2150E333-8FDC-42A3-9474-1A3956D46DE8}") = "Ch06", "Ch06", "{083FAA24-DE30-4522-AA26-D4001D22F9D5}"
EndProject
Project("{8BC9CEB8-8B4A-11D0-8D11-00A0C91BC942}") = "whileTestApp", "whileTestApp\whileTestApp.vcxproj", "{46B78EA0-B8F3-4F67-AF89-3C1B3E482535}"
EndProject
Project("{8BC9CEB8-8B4A-11D0-8D11-00A0C91BC942}") = "forTestApp", "forTestApp\forTestApp.vcxproj", "{3209CCA1-1E27-4B04-B371-82FB2A1E3436}"
EndProject
Project("{8BC9CEB8-8B4A-11D0-8D11-00A0C91BC942}") = "MultiTableApp", "MultiTableApp\MultiTableApp.vcxproj", "{98F90DDA-3751-4E15-A36F-D5348197C09D}"
EndProject
Project("{2150E333-8FDC-42A3-9474-1A3956D46DE8}") = "Ch07", "Ch07", "{789F6BD0-9141-4B13-B178-D70CB12D1B79}"
EndProject
Project("{8BC9CEB8-8B4A-11D0-8D11-00A0C91BC942}") = "functionTestApp", "functionTestApp\functionTestApp.vcxproj", "{10781075-815D-481E-95F6-024085D24FBE}"
EndProject
Project("{2150E333-8FDC-42A3-9474-1A3956D46DE8}") = "Ch08", "Ch08", "{892E13D4-67B0-4C98-B27F-70432D08F42D}"
EndProject
Project("{8BC9CEB8-8B4A-11D0-8D11-00A0C91BC942}") = "ArrayTestApp", "ArrayTestApp\ArrayTestApp.vcxproj", "{E68030F1-CF81-4260-B817-E862E61737A5}"
EndProject
Project("{8BC9CEB8-8B4A-11D0-8D11-00A0C91BC942}") = "StringTestApp", "StringTestApp\StringTestApp.vcxproj", "{EABC8C61-317F-47EC-A043-F75277AB0EE1}"
EndProject
Project("{8BC9CEB8-8B4A-11D0-8D11-00A0C91BC942}") = "PApp", "PApp\PApp.vcxproj", "{22A29A17-0933-4863-8A0C-746BFE2BD552}"
EndProject
Project("{2150E333-8FDC-42A3-9474-1A3956D46DE8}") = "Ch09", "Ch09", "{DDF4A0FB-A801-439A-930F-C43F238CBF59}"
EndProject
Project("{8BC9CEB8-8B4A-11D0-8D11-00A0C91BC942}") = "PointerTestApp", "PointerTestApp\PointerTestApp.vcxproj", "{DA2277E3-80FD-4028-8E7B-6B7467B7F2D0}"
EndProject
Project("{8BC9CEB8-8B4A-11D0-8D11-00A0C91BC942}") = "SwapTestApp", "SwapTestApp\SwapTestApp.vcxproj", "{2197772A-3E88-4453-A016-A5810F6A2C4E}"
EndProject
Project("{2150E333-8FDC-42A3-9474-1A3956D46DE8}") = "Ch10", "Ch10", "{4414E72A-CA58-4E0D-8E70-CA263EDF3532}"
EndProject
Project("{8BC9CEB8-8B4A-11D0-8D11-00A0C91BC942}") = "ArrPtrTestApp", "ArrPtrTestApp\ArrPtrTestApp.vcxproj", "{AF02B335-C809-4C53-A4E1-7D29462EA735}"
EndProject
Project("{8BC9CEB8-8B4A-11D0-8D11-00A0C91BC942}") = "ArrPtrTestApp2", "ArrPtrTestApp2\ArrPtrTestApp2.vcxproj", "{EB70CACD-6441-4F55-9011-5ECF76C8000F}"
EndProject
Project("{8BC9CEB8-8B4A-11D0-8D11-00A0C91BC942}") = "FindMaxApp", "FindMaxApp\FindMaxApp.vcxproj", "{9F958DC4-620A-4CC3-82CF-2CEE0C94CAA3}"
EndProject
Project("{2150E333-8FDC-42A3-9474-1A3956D46DE8}") = "Ch11", "Ch11", "{1E0DBAA8-BCC0-43CC-B13B-E69A8870CC42}"
EndProject
Project("{8BC9CEB8-8B4A-11D0-8D11-00A0C91BC942}") = "CharTestApp", "CharTestApp\CharTestApp.vcxproj", "{79F5D1C0-932C-44A6-A0F5-F6DBF33245A0}"
EndProject
Project("{2150E333-8FDC-42A3-9474-1A3956D46DE8}") = "Ch12", "Ch12", "{C8FBF088-58A1-430D-AFDB-C10FEE9A9547}"
EndProject
Project("{8BC9CEB8-8B4A-11D0-8D11-00A0C91BC942}") = "StrTestApp", "StrTestApp\StrTestApp.vcxproj", "{1CEB9DC3-7499-420F-B6E7-3EF6FEB79BB2}"
EndProject
Project("{8BC9CEB8-8B4A-11D0-8D11-00A0C91BC942}") = "StrTestApp2", "StrTestApp2\StrTestApp2.vcxproj", "{6AD7644F-663E-4517-A7CC-79C300470E87}"
EndProject
Project("{2150E333-8FDC-42A3-9474-1A3956D46DE8}") = "Ch13", "Ch13", "{29148C02-ED29-4775-9342-4E7BCF4263C3}"
EndProject
Project("{8BC9CEB8-8B4A-11D0-8D11-00A0C91BC942}") = "VarTestApp", "VarTestApp\VarTestApp.vcxproj", "{65B44773-655F-49C1-8039-206550CFF372}"
EndProject
Project("{8BC9CEB8-8B4A-11D0-8D11-00A0C91BC942}") = "StaticVarTestApp", "StaticVarTestApp\StaticVarTestApp.vcxproj", "{EC9B903C-9022-46F6-A9BD-C3A3C9A09852}"
EndProject
Project("{2150E333-8FDC-42A3-9474-1A3956D46DE8}") = "Ch14", "Ch14", "{8DEAAAFC-39B9-4D65-9766-9FDE17270059}"
EndProject
Project("{8BC9CEB8-8B4A-11D0-8D11-00A0C91BC942}") = "SArryTestApp", "SArryTestApp\SArryTestApp.vcxproj", "{22972F8C-145D-4506-BAA6-9C6D72E5C74E}"
EndProject
Project("{8BC9CEB8-8B4A-11D0-8D11-00A0C91BC942}") = "ThirdArrApp", "ThirdArrApp\ThirdArrApp.vcxproj", "{14C5EDDC-3162-4B94-99F2-16CC5F7DD0C4}"
EndProject
Project("{8BC9CEB8-8B4A-11D0-8D11-00A0C91BC942}") = "StringPApp", "StringPApp\StringPApp.vcxproj", "{5331E875-621B-4205-9F83-873A297D11DD}"
EndProject
Project("{2150E333-8FDC-42A3-9474-1A3956D46DE8}") = "Ch15", "Ch15", "{63F7A322-427F-4D45-8880-C51284ADF697}"
EndProject
Project("{8BC9CEB8-8B4A-11D0-8D11-00A0C91BC942}") = "Pointer2App", "Pointer2App\Pointer2App.vcxproj", "{1F70A289-DF70-40FC-A84F-2E064765B038}"
EndProject
Project("{8BC9CEB8-8B4A-11D0-8D11-00A0C91BC942}") = "PtrSwapApp", "PtrSwapApp\PtrSwapApp.vcxproj", "{312C47AA-CFB6-4B9A-B58B-E108796C8ECB}"
EndProject
Project("{8BC9CEB8-8B4A-11D0-8D11-00A0C91BC942}") = "FuncPtrApp", "FuncPtrApp\FuncPtrApp.vcxproj", "{40536BE5-BEF4-4013-9E44-402EDB84FB31}"
EndProject
Project("{2150E333-8FDC-42A3-9474-1A3956D46DE8}") = "Ch16", "Ch16", "{224C54F3-74DD-418A-B820-78FB13417643}"
EndProject
Project("{8BC9CEB8-8B4A-11D0-8D11-00A0C91BC942}") = "DynamicMApp", "DinamicMApp\DinamicMApp.vcxproj", "{BD195F71-8321-41D7-B640-17FEDC1CC288}"
EndProject
Project("{8BC9CEB8-8B4A-11D0-8D11-00A0C91BC942}") = "DynamicStrApp", "DynamicStrApp\DynamicStrApp.vcxproj", "{7FBEE345-8A49-4F87-84E4-03844900F148}"
EndProject
Project("{8BC9CEB8-8B4A-11D0-8D11-00A0C91BC942}") = "MainArgApp", "MainArgApp\MainArgApp.vcxproj", "{1F2C2B7D-AE97-4042-89FB-967AE4E76C2D}"
EndProject
Project("{2150E333-8FDC-42A3-9474-1A3956D46DE8}") = "Ch17", "Ch17", "{708E4806-2137-4E90-A325-A30DF302DB7E}"
EndProject
Project("{8BC9CEB8-8B4A-11D0-8D11-00A0C91BC942}") = "StructTestApp", "StructTestApp\StructTestApp.vcxproj", "{14BC3362-BEFB-4A1C-AA25-F43E01AE6FFE}"
EndProject
Project("{8BC9CEB8-8B4A-11D0-8D11-00A0C91BC942}") = "VisionApp", "VisionApp\VisionApp.vcxproj", "{8E3C447B-0C4A-4BAC-9F2E-24E7A2459E3F}"
EndProject
Project("{8BC9CEB8-8B4A-11D0-8D11-00A0C91BC942}") = "StrPtrApp", "StrPtrApp\StrPtrApp.vcxproj", "{78218CD7-E84E-426F-9F8D-C0268D8E67E1}"
EndProject
Project("{8BC9CEB8-8B4A-11D0-8D11-00A0C91BC942}") = "UnionApp", "UnionApp\UnionApp.vcxproj", "{732FD5EC-0DD1-4710-BF82-F63D9E43C331}"
EndProject
Project("{2150E333-8FDC-42A3-9474-1A3956D46DE8}") = "Ch18", "Ch18", "{0136DD59-86A5-4C28-98D8-D852C12AC721}"
EndProject
Project("{8BC9CEB8-8B4A-11D0-8D11-00A0C91BC942}") = "FileTestApp", "FileTestApp\FileTestApp.vcxproj", "{577DECB8-0703-429B-93D9-BB4552A120F9}"
EndProject
Project("{8BC9CEB8-8B4A-11D0-8D11-00A0C91BC942}") = "FileCopyApp", "FileCopyApp\FileCopyApp.vcxproj", "{38331D08-A7C3-41C4-BEE3-BE930CC03059}"
EndProject
Project("{8BC9CEB8-8B4A-11D0-8D11-00A0C91BC942}") = "FileBufferErrApp", "FileBufferErrApp\FileBufferErrApp.vcxproj", "{C8F9D17F-6189-41BC-8C17-42F4C7B16E1F}"
EndProject
Project("{2150E333-8FDC-42A3-9474-1A3956D46DE8}") = "Ch19", "Ch19", "{83EABC7E-7B76-4212-80D1-6748472BA8B0}"
EndProject
Project("{8BC9CEB8-8B4A-11D0-8D11-00A0C91BC942}") = "StandardApp", "StandardApp\StandardApp.vcxproj", "{A8442E1C-30DA-4406-B6AA-08477617DC31}"
EndProject
Project("{8BC9CEB8-8B4A-11D0-8D11-00A0C91BC942}") = "MacroApp", "MacroApp\MacroApp.vcxproj", "{B03CFC0F-4B3F-4EF1-9C87-F7590E329387}"
EndProject
Project("{2150E333-8FDC-42A3-9474-1A3956D46DE8}") = "mm", "mm", "{6CDECBE3-340A-4B85-BAD5-ACB9A7D751E2}"
EndProject
Project("{8BC9CEB8-8B4A-11D0-8D11-00A0C91BC942}") = "108", "108\108.vcxproj", "{DADBA5E5-418E-40B9-8B57-2768C290DB4D}"
EndProject
Project("{8BC9CEB8-8B4A-11D0-8D11-00A0C91BC942}") = "284", "284\284.vcxproj", "{A7BB3BCF-6A91-4573-B405-D710B8513C77}"
EndProject
Project("{8BC9CEB8-8B4A-11D0-8D11-00A0C91BC942}") = "292", "292\292.vcxproj", "{6DD30E00-D9F4-420D-9718-33E9B855F63A}"
EndProject
Project("{8BC9CEB8-8B4A-11D0-8D11-00A0C91BC942}") = "299", "299\299.vcxproj", "{30AEBB97-B3F8-4828-AED4-CBFFDA34791F}"
EndProject
Project("{8BC9CEB8-8B4A-11D0-8D11-00A0C91BC942}") = "DivideSrcApp", "DivideSrcApp\DivideSrcApp.vcxproj", "{C42BD89F-D7A2-464B-83C5-E5168DBE7E90}"
EndProject
Project("{8BC9CEB8-8B4A-11D0-8D11-00A0C91BC942}") = "ExternStaticApp", "ExternStaticApp\ExternStaticApp.vcxproj", "{7E393503-94D3-4335-B898-F4473B00D984}"
EndProject
Project("{8BC9CEB8-8B4A-11D0-8D11-00A0C91BC942}") = "DupTestApp", "DupTestApp\DupTestApp.vcxproj", "{6CFCB87F-456C-4CDD-828D-9E4DE34FBA64}"
EndProject
Project("{2150E333-8FDC-42A3-9474-1A3956D46DE8}") = "Add", "Add", "{B236A63B-3869-4A7A-8EE9-6B0680EFE257}"
EndProject
Project("{8BC9CEB8-8B4A-11D0-8D11-00A0C91BC942}") = "SelectSortApp", "SelectSortApp\SelectSortApp.vcxproj", "{E165D417-B771-49D8-9F4E-F93D6B41CA2A}"
EndProject
Project("{2150E333-8FDC-42A3-9474-1A3956D46DE8}") = "Ch20", "Ch20", "{7987AE98-AE07-461D-8DF7-2EDE6EC44D5B}"
EndProject
Project("{8BC9CEB8-8B4A-11D0-8D11-00A0C91BC942}") = "CMathlib", "CMathlib\CMathlib.vcxproj", "{A1D1519B-1DFD-455C-B64C-79B19165B77E}"
EndProject
Project("{8BC9CEB8-8B4A-11D0-8D11-00A0C91BC942}") = "UsingStaticLibApp", "UsingStaticLibApp\UsingStaticLibApp.vcxproj", "{BBE3BD2F-B332-471D-9CB8-0912B408CA91}"
EndProject
Project("{8BC9CEB8-8B4A-11D0-8D11-00A0C91BC942}") = "MyMathLib", "MyMathLib\MyMathLib.vcxproj", "{750B609A-1352-4CEC-8E6F-7066B26D97BC}"
EndProject
Project("{8BC9CEB8-8B4A-11D0-8D11-00A0C91BC942}") = "UsingDynLipApp", "UsingDynLipApp\UsingDynLipApp.vcxproj", "{CE793A40-3875-4580-98DA-964987DECB53}"
EndProject
Project("{8BC9CEB8-8B4A-11D0-8D11-00A0C91BC942}") = "MySqlTestApp", "MySqlTestApp\MySqlTestApp.vcxproj", "{CB5EC619-CAD9-4A27-80BA-725A62ED6DEE}"
EndProject
Project("{2150E333-8FDC-42A3-9474-1A3956D46DE8}") = "Ch21", "Ch21", "{BA443F4A-3FE5-437C-B339-99BFEB553E89}"
EndProject
Project("{8BC9CEB8-8B4A-11D0-8D11-00A0C91BC942}") = "JasonParser", "JasonParser\JasonParser.vcxproj", "{44C33AB4-AC91-4F92-A8D4-653F64156EE2}"
EndProject
Project("{8BC9CEB8-8B4A-11D0-8D11-00A0C91BC942}") = "UsingParsonApp", "UsingParsonApp\UsingParsonApp.vcxproj", "{26FF1BFD-96F1-40B0-B406-443D8CA8C936}"
EndProject
Project("{8BC9CEB8-8B4A-11D0-8D11-00A0C91BC942}") = "ep", "ep\ep.vcxproj", "{90FCE4E9-EF32-46F4-A925-F9268426303B}"
EndProject
Project("{8BC9CEB8-8B4A-11D0-8D11-00A0C91BC942}") = "gg", "gg\gg.vcxproj", "{33D3B662-23FB-443C-9D1F-9E234DE75BAB}"
EndProject
Project("{8BC9CEB8-8B4A-11D0-8D11-00A0C91BC942}") = "509", "509\509.vcxproj", "{352D8DDD-B151-4983-A671-1C1FC06E2D3B}"
EndProject
Project("{8BC9CEB8-8B4A-11D0-8D11-00A0C91BC942}") = "510", "510\510.vcxproj", "{AA0957EF-49C0-4BE9-BD72-5AF42D706BD5}"
EndProject
Project("{8BC9CEB8-8B4A-11D0-8D11-00A0C91BC942}") = "511", "511\511.vcxproj", "{55B6EC31-1AF5-4C49-A5AE-1A56B5A683B4}"
EndProject
Project("{8BC9CEB8-8B4A-11D0-8D11-00A0C91BC942}") = "512", "512\512.vcxproj", "{5E2BDDCF-5F03-42D6-A522-E5BA655435C2}"
EndProject
Project("{8BC9CEB8-8B4A-11D0-8D11-00A0C91BC942}") = "370", "370\370.vcxproj", "{3337B049-D0C1-49A3-8FC1-EC58EE664EE9}"
EndProject
Project("{8BC9CEB8-8B4A-11D0-8D11-00A0C91BC942}") = "exam01", "exam01\exam01.vcxproj", "{16E63168-FC2C-41C4-A423-6133E4C56C30}"
EndProject
Project("{8BC9CEB8-8B4A-11D0-8D11-00A0C91BC942}") = "ex1", "ex1\ex1.vcxproj", "{8A8B79A9-40D7-4229-B380-C836C9BBD5BC}"
EndProject
Project("{2150E333-8FDC-42A3-9474-1A3956D46DE8}") = "DataStructure", "DataStructure", "{54D34ED2-E451-44B0-9480-DDA2D434568E}"
EndProject
Project("{8BC9CEB8-8B4A-11D0-8D11-00A0C91BC942}") = "Stack", "Stack\Stack.vcxproj", "{EEE2B1C3-68B4-4216-8EF0-144FAC000350}"
EndProject
Project("{8BC9CEB8-8B4A-11D0-8D11-00A0C91BC942}") = "StackLink", "StackLink\StackLink.vcxproj", "{1822883E-131F-414B-9ADF-74E39BDF32ED}"
EndProject
Project("{8BC9CEB8-8B4A-11D0-8D11-00A0C91BC942}") = "StackLinkList", "StackLinkList\StackLinkList.vcxproj", "{24312441-8E16-439D-9671-ECAFEF944A3C}"
EndProject
Project("{8BC9CEB8-8B4A-11D0-8D11-00A0C91BC942}") = "StackLinkList2", "StackLinkList2\StackLinkList2.vcxproj", "{548828BA-2733-4862-8911-28417A45EC19}"
EndProject
Global
	GlobalSection(SolutionConfigurationPlatforms) = preSolution
		Debug|x64 = Debug|x64
		Debug|x86 = Debug|x86
		Release|x64 = Release|x64
		Release|x86 = Release|x86
	EndGlobalSection
	GlobalSection(ProjectConfigurationPlatforms) = postSolution
		{09190939-9969-4BED-A513-6CB3B4B22903}.Debug|x64.ActiveCfg = Debug|x64
		{09190939-9969-4BED-A513-6CB3B4B22903}.Debug|x64.Build.0 = Debug|x64
		{09190939-9969-4BED-A513-6CB3B4B22903}.Debug|x86.ActiveCfg = Debug|Win32
		{09190939-9969-4BED-A513-6CB3B4B22903}.Debug|x86.Build.0 = Debug|Win32
		{09190939-9969-4BED-A513-6CB3B4B22903}.Release|x64.ActiveCfg = Release|x64
		{09190939-9969-4BED-A513-6CB3B4B22903}.Release|x64.Build.0 = Release|x64
		{09190939-9969-4BED-A513-6CB3B4B22903}.Release|x86.ActiveCfg = Release|Win32
		{09190939-9969-4BED-A513-6CB3B4B22903}.Release|x86.Build.0 = Release|Win32
		{7926153B-AFE4-4F68-8E3B-2BE459748EBA}.Debug|x64.ActiveCfg = Debug|x64
		{7926153B-AFE4-4F68-8E3B-2BE459748EBA}.Debug|x64.Build.0 = Debug|x64
		{7926153B-AFE4-4F68-8E3B-2BE459748EBA}.Debug|x86.ActiveCfg = Debug|Win32
		{7926153B-AFE4-4F68-8E3B-2BE459748EBA}.Debug|x86.Build.0 = Debug|Win32
		{7926153B-AFE4-4F68-8E3B-2BE459748EBA}.Release|x64.ActiveCfg = Release|x64
		{7926153B-AFE4-4F68-8E3B-2BE459748EBA}.Release|x64.Build.0 = Release|x64
		{7926153B-AFE4-4F68-8E3B-2BE459748EBA}.Release|x86.ActiveCfg = Release|Win32
		{7926153B-AFE4-4F68-8E3B-2BE459748EBA}.Release|x86.Build.0 = Release|Win32
		{EFEBF3DB-B61D-4DBF-83C4-2F66C998929D}.Debug|x64.ActiveCfg = Debug|x64
		{EFEBF3DB-B61D-4DBF-83C4-2F66C998929D}.Debug|x64.Build.0 = Debug|x64
		{EFEBF3DB-B61D-4DBF-83C4-2F66C998929D}.Debug|x86.ActiveCfg = Debug|Win32
		{EFEBF3DB-B61D-4DBF-83C4-2F66C998929D}.Debug|x86.Build.0 = Debug|Win32
		{EFEBF3DB-B61D-4DBF-83C4-2F66C998929D}.Release|x64.ActiveCfg = Release|x64
		{EFEBF3DB-B61D-4DBF-83C4-2F66C998929D}.Release|x64.Build.0 = Release|x64
		{EFEBF3DB-B61D-4DBF-83C4-2F66C998929D}.Release|x86.ActiveCfg = Release|Win32
		{EFEBF3DB-B61D-4DBF-83C4-2F66C998929D}.Release|x86.Build.0 = Release|Win32
		{FBD255F8-73E5-44DE-BB68-17B043A2E416}.Debug|x64.ActiveCfg = Debug|x64
		{FBD255F8-73E5-44DE-BB68-17B043A2E416}.Debug|x64.Build.0 = Debug|x64
		{FBD255F8-73E5-44DE-BB68-17B043A2E416}.Debug|x86.ActiveCfg = Debug|Win32
		{FBD255F8-73E5-44DE-BB68-17B043A2E416}.Debug|x86.Build.0 = Debug|Win32
		{FBD255F8-73E5-44DE-BB68-17B043A2E416}.Release|x64.ActiveCfg = Release|x64
		{FBD255F8-73E5-44DE-BB68-17B043A2E416}.Release|x64.Build.0 = Release|x64
		{FBD255F8-73E5-44DE-BB68-17B043A2E416}.Release|x86.ActiveCfg = Release|Win32
		{FBD255F8-73E5-44DE-BB68-17B043A2E416}.Release|x86.Build.0 = Release|Win32
		{AB60D7FB-9361-486F-906B-730F910584D4}.Debug|x64.ActiveCfg = Debug|x64
		{AB60D7FB-9361-486F-906B-730F910584D4}.Debug|x64.Build.0 = Debug|x64
		{AB60D7FB-9361-486F-906B-730F910584D4}.Debug|x86.ActiveCfg = Debug|Win32
		{AB60D7FB-9361-486F-906B-730F910584D4}.Debug|x86.Build.0 = Debug|Win32
		{AB60D7FB-9361-486F-906B-730F910584D4}.Release|x64.ActiveCfg = Release|x64
		{AB60D7FB-9361-486F-906B-730F910584D4}.Release|x64.Build.0 = Release|x64
		{AB60D7FB-9361-486F-906B-730F910584D4}.Release|x86.ActiveCfg = Release|Win32
		{AB60D7FB-9361-486F-906B-730F910584D4}.Release|x86.Build.0 = Release|Win32
		{ADB03850-5898-4B31-B6C3-B171A2B6AA5C}.Debug|x64.ActiveCfg = Debug|x64
		{ADB03850-5898-4B31-B6C3-B171A2B6AA5C}.Debug|x64.Build.0 = Debug|x64
		{ADB03850-5898-4B31-B6C3-B171A2B6AA5C}.Debug|x86.ActiveCfg = Debug|Win32
		{ADB03850-5898-4B31-B6C3-B171A2B6AA5C}.Debug|x86.Build.0 = Debug|Win32
		{ADB03850-5898-4B31-B6C3-B171A2B6AA5C}.Release|x64.ActiveCfg = Release|x64
		{ADB03850-5898-4B31-B6C3-B171A2B6AA5C}.Release|x64.Build.0 = Release|x64
		{ADB03850-5898-4B31-B6C3-B171A2B6AA5C}.Release|x86.ActiveCfg = Release|Win32
		{ADB03850-5898-4B31-B6C3-B171A2B6AA5C}.Release|x86.Build.0 = Release|Win32
		{CD8746B4-AEC9-41A0-A7F3-A1BFC23A60D9}.Debug|x64.ActiveCfg = Debug|x64
		{CD8746B4-AEC9-41A0-A7F3-A1BFC23A60D9}.Debug|x64.Build.0 = Debug|x64
		{CD8746B4-AEC9-41A0-A7F3-A1BFC23A60D9}.Debug|x86.ActiveCfg = Debug|Win32
		{CD8746B4-AEC9-41A0-A7F3-A1BFC23A60D9}.Debug|x86.Build.0 = Debug|Win32
		{CD8746B4-AEC9-41A0-A7F3-A1BFC23A60D9}.Release|x64.ActiveCfg = Release|x64
		{CD8746B4-AEC9-41A0-A7F3-A1BFC23A60D9}.Release|x64.Build.0 = Release|x64
		{CD8746B4-AEC9-41A0-A7F3-A1BFC23A60D9}.Release|x86.ActiveCfg = Release|Win32
		{CD8746B4-AEC9-41A0-A7F3-A1BFC23A60D9}.Release|x86.Build.0 = Release|Win32
		{15BAA0DB-3A1E-483D-99AB-C90B9E63CEDE}.Debug|x64.ActiveCfg = Debug|x64
		{15BAA0DB-3A1E-483D-99AB-C90B9E63CEDE}.Debug|x64.Build.0 = Debug|x64
		{15BAA0DB-3A1E-483D-99AB-C90B9E63CEDE}.Debug|x86.ActiveCfg = Debug|Win32
		{15BAA0DB-3A1E-483D-99AB-C90B9E63CEDE}.Debug|x86.Build.0 = Debug|Win32
		{15BAA0DB-3A1E-483D-99AB-C90B9E63CEDE}.Release|x64.ActiveCfg = Release|x64
		{15BAA0DB-3A1E-483D-99AB-C90B9E63CEDE}.Release|x64.Build.0 = Release|x64
		{15BAA0DB-3A1E-483D-99AB-C90B9E63CEDE}.Release|x86.ActiveCfg = Release|Win32
		{15BAA0DB-3A1E-483D-99AB-C90B9E63CEDE}.Release|x86.Build.0 = Release|Win32
		{C8B1EAED-B1FF-4A6F-9796-AF18E8991184}.Debug|x64.ActiveCfg = Debug|x64
		{C8B1EAED-B1FF-4A6F-9796-AF18E8991184}.Debug|x64.Build.0 = Debug|x64
		{C8B1EAED-B1FF-4A6F-9796-AF18E8991184}.Debug|x86.ActiveCfg = Debug|Win32
		{C8B1EAED-B1FF-4A6F-9796-AF18E8991184}.Debug|x86.Build.0 = Debug|Win32
		{C8B1EAED-B1FF-4A6F-9796-AF18E8991184}.Release|x64.ActiveCfg = Release|x64
		{C8B1EAED-B1FF-4A6F-9796-AF18E8991184}.Release|x64.Build.0 = Release|x64
		{C8B1EAED-B1FF-4A6F-9796-AF18E8991184}.Release|x86.ActiveCfg = Release|Win32
		{C8B1EAED-B1FF-4A6F-9796-AF18E8991184}.Release|x86.Build.0 = Release|Win32
		{201C113A-DC6D-4B47-A219-929A3EBA1A61}.Debug|x64.ActiveCfg = Debug|x64
		{201C113A-DC6D-4B47-A219-929A3EBA1A61}.Debug|x64.Build.0 = Debug|x64
		{201C113A-DC6D-4B47-A219-929A3EBA1A61}.Debug|x86.ActiveCfg = Debug|Win32
		{201C113A-DC6D-4B47-A219-929A3EBA1A61}.Debug|x86.Build.0 = Debug|Win32
		{201C113A-DC6D-4B47-A219-929A3EBA1A61}.Release|x64.ActiveCfg = Release|x64
		{201C113A-DC6D-4B47-A219-929A3EBA1A61}.Release|x64.Build.0 = Release|x64
		{201C113A-DC6D-4B47-A219-929A3EBA1A61}.Release|x86.ActiveCfg = Release|Win32
		{201C113A-DC6D-4B47-A219-929A3EBA1A61}.Release|x86.Build.0 = Release|Win32
		{46B78EA0-B8F3-4F67-AF89-3C1B3E482535}.Debug|x64.ActiveCfg = Debug|x64
		{46B78EA0-B8F3-4F67-AF89-3C1B3E482535}.Debug|x64.Build.0 = Debug|x64
		{46B78EA0-B8F3-4F67-AF89-3C1B3E482535}.Debug|x86.ActiveCfg = Debug|Win32
		{46B78EA0-B8F3-4F67-AF89-3C1B3E482535}.Debug|x86.Build.0 = Debug|Win32
		{46B78EA0-B8F3-4F67-AF89-3C1B3E482535}.Release|x64.ActiveCfg = Release|x64
		{46B78EA0-B8F3-4F67-AF89-3C1B3E482535}.Release|x64.Build.0 = Release|x64
		{46B78EA0-B8F3-4F67-AF89-3C1B3E482535}.Release|x86.ActiveCfg = Release|Win32
		{46B78EA0-B8F3-4F67-AF89-3C1B3E482535}.Release|x86.Build.0 = Release|Win32
		{3209CCA1-1E27-4B04-B371-82FB2A1E3436}.Debug|x64.ActiveCfg = Debug|x64
		{3209CCA1-1E27-4B04-B371-82FB2A1E3436}.Debug|x64.Build.0 = Debug|x64
		{3209CCA1-1E27-4B04-B371-82FB2A1E3436}.Debug|x86.ActiveCfg = Debug|Win32
		{3209CCA1-1E27-4B04-B371-82FB2A1E3436}.Debug|x86.Build.0 = Debug|Win32
		{3209CCA1-1E27-4B04-B371-82FB2A1E3436}.Release|x64.ActiveCfg = Release|x64
		{3209CCA1-1E27-4B04-B371-82FB2A1E3436}.Release|x64.Build.0 = Release|x64
		{3209CCA1-1E27-4B04-B371-82FB2A1E3436}.Release|x86.ActiveCfg = Release|Win32
		{3209CCA1-1E27-4B04-B371-82FB2A1E3436}.Release|x86.Build.0 = Release|Win32
		{98F90DDA-3751-4E15-A36F-D5348197C09D}.Debug|x64.ActiveCfg = Debug|x64
		{98F90DDA-3751-4E15-A36F-D5348197C09D}.Debug|x64.Build.0 = Debug|x64
		{98F90DDA-3751-4E15-A36F-D5348197C09D}.Debug|x86.ActiveCfg = Debug|Win32
		{98F90DDA-3751-4E15-A36F-D5348197C09D}.Debug|x86.Build.0 = Debug|Win32
		{98F90DDA-3751-4E15-A36F-D5348197C09D}.Release|x64.ActiveCfg = Release|x64
		{98F90DDA-3751-4E15-A36F-D5348197C09D}.Release|x64.Build.0 = Release|x64
		{98F90DDA-3751-4E15-A36F-D5348197C09D}.Release|x86.ActiveCfg = Release|Win32
		{98F90DDA-3751-4E15-A36F-D5348197C09D}.Release|x86.Build.0 = Release|Win32
		{10781075-815D-481E-95F6-024085D24FBE}.Debug|x64.ActiveCfg = Debug|x64
		{10781075-815D-481E-95F6-024085D24FBE}.Debug|x64.Build.0 = Debug|x64
		{10781075-815D-481E-95F6-024085D24FBE}.Debug|x86.ActiveCfg = Debug|Win32
		{10781075-815D-481E-95F6-024085D24FBE}.Debug|x86.Build.0 = Debug|Win32
		{10781075-815D-481E-95F6-024085D24FBE}.Release|x64.ActiveCfg = Release|x64
		{10781075-815D-481E-95F6-024085D24FBE}.Release|x64.Build.0 = Release|x64
		{10781075-815D-481E-95F6-024085D24FBE}.Release|x86.ActiveCfg = Release|Win32
		{10781075-815D-481E-95F6-024085D24FBE}.Release|x86.Build.0 = Release|Win32
		{E68030F1-CF81-4260-B817-E862E61737A5}.Debug|x64.ActiveCfg = Debug|x64
		{E68030F1-CF81-4260-B817-E862E61737A5}.Debug|x64.Build.0 = Debug|x64
		{E68030F1-CF81-4260-B817-E862E61737A5}.Debug|x86.ActiveCfg = Debug|Win32
		{E68030F1-CF81-4260-B817-E862E61737A5}.Debug|x86.Build.0 = Debug|Win32
		{E68030F1-CF81-4260-B817-E862E61737A5}.Release|x64.ActiveCfg = Release|x64
		{E68030F1-CF81-4260-B817-E862E61737A5}.Release|x64.Build.0 = Release|x64
		{E68030F1-CF81-4260-B817-E862E61737A5}.Release|x86.ActiveCfg = Release|Win32
		{E68030F1-CF81-4260-B817-E862E61737A5}.Release|x86.Build.0 = Release|Win32
		{EABC8C61-317F-47EC-A043-F75277AB0EE1}.Debug|x64.ActiveCfg = Debug|x64
		{EABC8C61-317F-47EC-A043-F75277AB0EE1}.Debug|x64.Build.0 = Debug|x64
		{EABC8C61-317F-47EC-A043-F75277AB0EE1}.Debug|x86.ActiveCfg = Debug|Win32
		{EABC8C61-317F-47EC-A043-F75277AB0EE1}.Debug|x86.Build.0 = Debug|Win32
		{EABC8C61-317F-47EC-A043-F75277AB0EE1}.Release|x64.ActiveCfg = Release|x64
		{EABC8C61-317F-47EC-A043-F75277AB0EE1}.Release|x64.Build.0 = Release|x64
		{EABC8C61-317F-47EC-A043-F75277AB0EE1}.Release|x86.ActiveCfg = Release|Win32
		{EABC8C61-317F-47EC-A043-F75277AB0EE1}.Release|x86.Build.0 = Release|Win32
		{22A29A17-0933-4863-8A0C-746BFE2BD552}.Debug|x64.ActiveCfg = Debug|x64
		{22A29A17-0933-4863-8A0C-746BFE2BD552}.Debug|x64.Build.0 = Debug|x64
		{22A29A17-0933-4863-8A0C-746BFE2BD552}.Debug|x86.ActiveCfg = Debug|Win32
		{22A29A17-0933-4863-8A0C-746BFE2BD552}.Debug|x86.Build.0 = Debug|Win32
		{22A29A17-0933-4863-8A0C-746BFE2BD552}.Release|x64.ActiveCfg = Release|x64
		{22A29A17-0933-4863-8A0C-746BFE2BD552}.Release|x64.Build.0 = Release|x64
		{22A29A17-0933-4863-8A0C-746BFE2BD552}.Release|x86.ActiveCfg = Release|Win32
		{22A29A17-0933-4863-8A0C-746BFE2BD552}.Release|x86.Build.0 = Release|Win32
		{DA2277E3-80FD-4028-8E7B-6B7467B7F2D0}.Debug|x64.ActiveCfg = Debug|x64
		{DA2277E3-80FD-4028-8E7B-6B7467B7F2D0}.Debug|x64.Build.0 = Debug|x64
		{DA2277E3-80FD-4028-8E7B-6B7467B7F2D0}.Debug|x86.ActiveCfg = Debug|Win32
		{DA2277E3-80FD-4028-8E7B-6B7467B7F2D0}.Debug|x86.Build.0 = Debug|Win32
		{DA2277E3-80FD-4028-8E7B-6B7467B7F2D0}.Release|x64.ActiveCfg = Release|x64
		{DA2277E3-80FD-4028-8E7B-6B7467B7F2D0}.Release|x64.Build.0 = Release|x64
		{DA2277E3-80FD-4028-8E7B-6B7467B7F2D0}.Release|x86.ActiveCfg = Release|Win32
		{DA2277E3-80FD-4028-8E7B-6B7467B7F2D0}.Release|x86.Build.0 = Release|Win32
		{2197772A-3E88-4453-A016-A5810F6A2C4E}.Debug|x64.ActiveCfg = Debug|x64
		{2197772A-3E88-4453-A016-A5810F6A2C4E}.Debug|x64.Build.0 = Debug|x64
		{2197772A-3E88-4453-A016-A5810F6A2C4E}.Debug|x86.ActiveCfg = Debug|Win32
		{2197772A-3E88-4453-A016-A5810F6A2C4E}.Debug|x86.Build.0 = Debug|Win32
		{2197772A-3E88-4453-A016-A5810F6A2C4E}.Release|x64.ActiveCfg = Release|x64
		{2197772A-3E88-4453-A016-A5810F6A2C4E}.Release|x64.Build.0 = Release|x64
		{2197772A-3E88-4453-A016-A5810F6A2C4E}.Release|x86.ActiveCfg = Release|Win32
		{2197772A-3E88-4453-A016-A5810F6A2C4E}.Release|x86.Build.0 = Release|Win32
		{AF02B335-C809-4C53-A4E1-7D29462EA735}.Debug|x64.ActiveCfg = Debug|x64
		{AF02B335-C809-4C53-A4E1-7D29462EA735}.Debug|x64.Build.0 = Debug|x64
		{AF02B335-C809-4C53-A4E1-7D29462EA735}.Debug|x86.ActiveCfg = Debug|Win32
		{AF02B335-C809-4C53-A4E1-7D29462EA735}.Debug|x86.Build.0 = Debug|Win32
		{AF02B335-C809-4C53-A4E1-7D29462EA735}.Release|x64.ActiveCfg = Release|x64
		{AF02B335-C809-4C53-A4E1-7D29462EA735}.Release|x64.Build.0 = Release|x64
		{AF02B335-C809-4C53-A4E1-7D29462EA735}.Release|x86.ActiveCfg = Release|Win32
		{AF02B335-C809-4C53-A4E1-7D29462EA735}.Release|x86.Build.0 = Release|Win32
		{EB70CACD-6441-4F55-9011-5ECF76C8000F}.Debug|x64.ActiveCfg = Debug|x64
		{EB70CACD-6441-4F55-9011-5ECF76C8000F}.Debug|x64.Build.0 = Debug|x64
		{EB70CACD-6441-4F55-9011-5ECF76C8000F}.Debug|x86.ActiveCfg = Debug|Win32
		{EB70CACD-6441-4F55-9011-5ECF76C8000F}.Debug|x86.Build.0 = Debug|Win32
		{EB70CACD-6441-4F55-9011-5ECF76C8000F}.Release|x64.ActiveCfg = Release|x64
		{EB70CACD-6441-4F55-9011-5ECF76C8000F}.Release|x64.Build.0 = Release|x64
		{EB70CACD-6441-4F55-9011-5ECF76C8000F}.Release|x86.ActiveCfg = Release|Win32
		{EB70CACD-6441-4F55-9011-5ECF76C8000F}.Release|x86.Build.0 = Release|Win32
		{9F958DC4-620A-4CC3-82CF-2CEE0C94CAA3}.Debug|x64.ActiveCfg = Debug|x64
		{9F958DC4-620A-4CC3-82CF-2CEE0C94CAA3}.Debug|x64.Build.0 = Debug|x64
		{9F958DC4-620A-4CC3-82CF-2CEE0C94CAA3}.Debug|x86.ActiveCfg = Debug|Win32
		{9F958DC4-620A-4CC3-82CF-2CEE0C94CAA3}.Debug|x86.Build.0 = Debug|Win32
		{9F958DC4-620A-4CC3-82CF-2CEE0C94CAA3}.Release|x64.ActiveCfg = Release|x64
		{9F958DC4-620A-4CC3-82CF-2CEE0C94CAA3}.Release|x64.Build.0 = Release|x64
		{9F958DC4-620A-4CC3-82CF-2CEE0C94CAA3}.Release|x86.ActiveCfg = Release|Win32
		{9F958DC4-620A-4CC3-82CF-2CEE0C94CAA3}.Release|x86.Build.0 = Release|Win32
		{79F5D1C0-932C-44A6-A0F5-F6DBF33245A0}.Debug|x64.ActiveCfg = Debug|x64
		{79F5D1C0-932C-44A6-A0F5-F6DBF33245A0}.Debug|x64.Build.0 = Debug|x64
		{79F5D1C0-932C-44A6-A0F5-F6DBF33245A0}.Debug|x86.ActiveCfg = Debug|Win32
		{79F5D1C0-932C-44A6-A0F5-F6DBF33245A0}.Debug|x86.Build.0 = Debug|Win32
		{79F5D1C0-932C-44A6-A0F5-F6DBF33245A0}.Release|x64.ActiveCfg = Release|x64
		{79F5D1C0-932C-44A6-A0F5-F6DBF33245A0}.Release|x64.Build.0 = Release|x64
		{79F5D1C0-932C-44A6-A0F5-F6DBF33245A0}.Release|x86.ActiveCfg = Release|Win32
		{79F5D1C0-932C-44A6-A0F5-F6DBF33245A0}.Release|x86.Build.0 = Release|Win32
		{1CEB9DC3-7499-420F-B6E7-3EF6FEB79BB2}.Debug|x64.ActiveCfg = Debug|x64
		{1CEB9DC3-7499-420F-B6E7-3EF6FEB79BB2}.Debug|x64.Build.0 = Debug|x64
		{1CEB9DC3-7499-420F-B6E7-3EF6FEB79BB2}.Debug|x86.ActiveCfg = Debug|Win32
		{1CEB9DC3-7499-420F-B6E7-3EF6FEB79BB2}.Debug|x86.Build.0 = Debug|Win32
		{1CEB9DC3-7499-420F-B6E7-3EF6FEB79BB2}.Release|x64.ActiveCfg = Release|x64
		{1CEB9DC3-7499-420F-B6E7-3EF6FEB79BB2}.Release|x64.Build.0 = Release|x64
		{1CEB9DC3-7499-420F-B6E7-3EF6FEB79BB2}.Release|x86.ActiveCfg = Release|Win32
		{1CEB9DC3-7499-420F-B6E7-3EF6FEB79BB2}.Release|x86.Build.0 = Release|Win32
		{6AD7644F-663E-4517-A7CC-79C300470E87}.Debug|x64.ActiveCfg = Debug|x64
		{6AD7644F-663E-4517-A7CC-79C300470E87}.Debug|x64.Build.0 = Debug|x64
		{6AD7644F-663E-4517-A7CC-79C300470E87}.Debug|x86.ActiveCfg = Debug|Win32
		{6AD7644F-663E-4517-A7CC-79C300470E87}.Debug|x86.Build.0 = Debug|Win32
		{6AD7644F-663E-4517-A7CC-79C300470E87}.Release|x64.ActiveCfg = Release|x64
		{6AD7644F-663E-4517-A7CC-79C300470E87}.Release|x64.Build.0 = Release|x64
		{6AD7644F-663E-4517-A7CC-79C300470E87}.Release|x86.ActiveCfg = Release|Win32
		{6AD7644F-663E-4517-A7CC-79C300470E87}.Release|x86.Build.0 = Release|Win32
		{65B44773-655F-49C1-8039-206550CFF372}.Debug|x64.ActiveCfg = Debug|x64
		{65B44773-655F-49C1-8039-206550CFF372}.Debug|x64.Build.0 = Debug|x64
		{65B44773-655F-49C1-8039-206550CFF372}.Debug|x86.ActiveCfg = Debug|Win32
		{65B44773-655F-49C1-8039-206550CFF372}.Debug|x86.Build.0 = Debug|Win32
		{65B44773-655F-49C1-8039-206550CFF372}.Release|x64.ActiveCfg = Release|x64
		{65B44773-655F-49C1-8039-206550CFF372}.Release|x64.Build.0 = Release|x64
		{65B44773-655F-49C1-8039-206550CFF372}.Release|x86.ActiveCfg = Release|Win32
		{65B44773-655F-49C1-8039-206550CFF372}.Release|x86.Build.0 = Release|Win32
		{EC9B903C-9022-46F6-A9BD-C3A3C9A09852}.Debug|x64.ActiveCfg = Debug|x64
		{EC9B903C-9022-46F6-A9BD-C3A3C9A09852}.Debug|x64.Build.0 = Debug|x64
		{EC9B903C-9022-46F6-A9BD-C3A3C9A09852}.Debug|x86.ActiveCfg = Debug|Win32
		{EC9B903C-9022-46F6-A9BD-C3A3C9A09852}.Debug|x86.Build.0 = Debug|Win32
		{EC9B903C-9022-46F6-A9BD-C3A3C9A09852}.Release|x64.ActiveCfg = Release|x64
		{EC9B903C-9022-46F6-A9BD-C3A3C9A09852}.Release|x64.Build.0 = Release|x64
		{EC9B903C-9022-46F6-A9BD-C3A3C9A09852}.Release|x86.ActiveCfg = Release|Win32
		{EC9B903C-9022-46F6-A9BD-C3A3C9A09852}.Release|x86.Build.0 = Release|Win32
		{22972F8C-145D-4506-BAA6-9C6D72E5C74E}.Debug|x64.ActiveCfg = Debug|x64
		{22972F8C-145D-4506-BAA6-9C6D72E5C74E}.Debug|x64.Build.0 = Debug|x64
		{22972F8C-145D-4506-BAA6-9C6D72E5C74E}.Debug|x86.ActiveCfg = Debug|Win32
		{22972F8C-145D-4506-BAA6-9C6D72E5C74E}.Debug|x86.Build.0 = Debug|Win32
		{22972F8C-145D-4506-BAA6-9C6D72E5C74E}.Release|x64.ActiveCfg = Release|x64
		{22972F8C-145D-4506-BAA6-9C6D72E5C74E}.Release|x64.Build.0 = Release|x64
		{22972F8C-145D-4506-BAA6-9C6D72E5C74E}.Release|x86.ActiveCfg = Release|Win32
		{22972F8C-145D-4506-BAA6-9C6D72E5C74E}.Release|x86.Build.0 = Release|Win32
		{14C5EDDC-3162-4B94-99F2-16CC5F7DD0C4}.Debug|x64.ActiveCfg = Debug|x64
		{14C5EDDC-3162-4B94-99F2-16CC5F7DD0C4}.Debug|x64.Build.0 = Debug|x64
		{14C5EDDC-3162-4B94-99F2-16CC5F7DD0C4}.Debug|x86.ActiveCfg = Debug|Win32
		{14C5EDDC-3162-4B94-99F2-16CC5F7DD0C4}.Debug|x86.Build.0 = Debug|Win32
		{14C5EDDC-3162-4B94-99F2-16CC5F7DD0C4}.Release|x64.ActiveCfg = Release|x64
		{14C5EDDC-3162-4B94-99F2-16CC5F7DD0C4}.Release|x64.Build.0 = Release|x64
		{14C5EDDC-3162-4B94-99F2-16CC5F7DD0C4}.Release|x86.ActiveCfg = Release|Win32
		{14C5EDDC-3162-4B94-99F2-16CC5F7DD0C4}.Release|x86.Build.0 = Release|Win32
		{5331E875-621B-4205-9F83-873A297D11DD}.Debug|x64.ActiveCfg = Debug|x64
		{5331E875-621B-4205-9F83-873A297D11DD}.Debug|x64.Build.0 = Debug|x64
		{5331E875-621B-4205-9F83-873A297D11DD}.Debug|x86.ActiveCfg = Debug|Win32
		{5331E875-621B-4205-9F83-873A297D11DD}.Debug|x86.Build.0 = Debug|Win32
		{5331E875-621B-4205-9F83-873A297D11DD}.Release|x64.ActiveCfg = Release|x64
		{5331E875-621B-4205-9F83-873A297D11DD}.Release|x64.Build.0 = Release|x64
		{5331E875-621B-4205-9F83-873A297D11DD}.Release|x86.ActiveCfg = Release|Win32
		{5331E875-621B-4205-9F83-873A297D11DD}.Release|x86.Build.0 = Release|Win32
		{1F70A289-DF70-40FC-A84F-2E064765B038}.Debug|x64.ActiveCfg = Debug|x64
		{1F70A289-DF70-40FC-A84F-2E064765B038}.Debug|x64.Build.0 = Debug|x64
		{1F70A289-DF70-40FC-A84F-2E064765B038}.Debug|x86.ActiveCfg = Debug|Win32
		{1F70A289-DF70-40FC-A84F-2E064765B038}.Debug|x86.Build.0 = Debug|Win32
		{1F70A289-DF70-40FC-A84F-2E064765B038}.Release|x64.ActiveCfg = Release|x64
		{1F70A289-DF70-40FC-A84F-2E064765B038}.Release|x64.Build.0 = Release|x64
		{1F70A289-DF70-40FC-A84F-2E064765B038}.Release|x86.ActiveCfg = Release|Win32
		{1F70A289-DF70-40FC-A84F-2E064765B038}.Release|x86.Build.0 = Release|Win32
		{312C47AA-CFB6-4B9A-B58B-E108796C8ECB}.Debug|x64.ActiveCfg = Debug|x64
		{312C47AA-CFB6-4B9A-B58B-E108796C8ECB}.Debug|x64.Build.0 = Debug|x64
		{312C47AA-CFB6-4B9A-B58B-E108796C8ECB}.Debug|x86.ActiveCfg = Debug|Win32
		{312C47AA-CFB6-4B9A-B58B-E108796C8ECB}.Debug|x86.Build.0 = Debug|Win32
		{312C47AA-CFB6-4B9A-B58B-E108796C8ECB}.Release|x64.ActiveCfg = Release|x64
		{312C47AA-CFB6-4B9A-B58B-E108796C8ECB}.Release|x64.Build.0 = Release|x64
		{312C47AA-CFB6-4B9A-B58B-E108796C8ECB}.Release|x86.ActiveCfg = Release|Win32
		{312C47AA-CFB6-4B9A-B58B-E108796C8ECB}.Release|x86.Build.0 = Release|Win32
		{40536BE5-BEF4-4013-9E44-402EDB84FB31}.Debug|x64.ActiveCfg = Debug|x64
		{40536BE5-BEF4-4013-9E44-402EDB84FB31}.Debug|x64.Build.0 = Debug|x64
		{40536BE5-BEF4-4013-9E44-402EDB84FB31}.Debug|x86.ActiveCfg = Debug|Win32
		{40536BE5-BEF4-4013-9E44-402EDB84FB31}.Debug|x86.Build.0 = Debug|Win32
		{40536BE5-BEF4-4013-9E44-402EDB84FB31}.Release|x64.ActiveCfg = Release|x64
		{40536BE5-BEF4-4013-9E44-402EDB84FB31}.Release|x64.Build.0 = Release|x64
		{40536BE5-BEF4-4013-9E44-402EDB84FB31}.Release|x86.ActiveCfg = Release|Win32
		{40536BE5-BEF4-4013-9E44-402EDB84FB31}.Release|x86.Build.0 = Release|Win32
		{BD195F71-8321-41D7-B640-17FEDC1CC288}.Debug|x64.ActiveCfg = Debug|x64
		{BD195F71-8321-41D7-B640-17FEDC1CC288}.Debug|x64.Build.0 = Debug|x64
		{BD195F71-8321-41D7-B640-17FEDC1CC288}.Debug|x86.ActiveCfg = Debug|Win32
		{BD195F71-8321-41D7-B640-17FEDC1CC288}.Debug|x86.Build.0 = Debug|Win32
		{BD195F71-8321-41D7-B640-17FEDC1CC288}.Release|x64.ActiveCfg = Release|x64
		{BD195F71-8321-41D7-B640-17FEDC1CC288}.Release|x64.Build.0 = Release|x64
		{BD195F71-8321-41D7-B640-17FEDC1CC288}.Release|x86.ActiveCfg = Release|Win32
		{BD195F71-8321-41D7-B640-17FEDC1CC288}.Release|x86.Build.0 = Release|Win32
		{7FBEE345-8A49-4F87-84E4-03844900F148}.Debug|x64.ActiveCfg = Debug|x64
		{7FBEE345-8A49-4F87-84E4-03844900F148}.Debug|x64.Build.0 = Debug|x64
		{7FBEE345-8A49-4F87-84E4-03844900F148}.Debug|x86.ActiveCfg = Debug|Win32
		{7FBEE345-8A49-4F87-84E4-03844900F148}.Debug|x86.Build.0 = Debug|Win32
		{7FBEE345-8A49-4F87-84E4-03844900F148}.Release|x64.ActiveCfg = Release|x64
		{7FBEE345-8A49-4F87-84E4-03844900F148}.Release|x64.Build.0 = Release|x64
		{7FBEE345-8A49-4F87-84E4-03844900F148}.Release|x86.ActiveCfg = Release|Win32
		{7FBEE345-8A49-4F87-84E4-03844900F148}.Release|x86.Build.0 = Release|Win32
		{1F2C2B7D-AE97-4042-89FB-967AE4E76C2D}.Debug|x64.ActiveCfg = Debug|x64
		{1F2C2B7D-AE97-4042-89FB-967AE4E76C2D}.Debug|x64.Build.0 = Debug|x64
		{1F2C2B7D-AE97-4042-89FB-967AE4E76C2D}.Debug|x86.ActiveCfg = Debug|Win32
		{1F2C2B7D-AE97-4042-89FB-967AE4E76C2D}.Debug|x86.Build.0 = Debug|Win32
		{1F2C2B7D-AE97-4042-89FB-967AE4E76C2D}.Release|x64.ActiveCfg = Release|x64
		{1F2C2B7D-AE97-4042-89FB-967AE4E76C2D}.Release|x64.Build.0 = Release|x64
		{1F2C2B7D-AE97-4042-89FB-967AE4E76C2D}.Release|x86.ActiveCfg = Release|Win32
		{1F2C2B7D-AE97-4042-89FB-967AE4E76C2D}.Release|x86.Build.0 = Release|Win32
		{14BC3362-BEFB-4A1C-AA25-F43E01AE6FFE}.Debug|x64.ActiveCfg = Debug|x64
		{14BC3362-BEFB-4A1C-AA25-F43E01AE6FFE}.Debug|x64.Build.0 = Debug|x64
		{14BC3362-BEFB-4A1C-AA25-F43E01AE6FFE}.Debug|x86.ActiveCfg = Debug|Win32
		{14BC3362-BEFB-4A1C-AA25-F43E01AE6FFE}.Debug|x86.Build.0 = Debug|Win32
		{14BC3362-BEFB-4A1C-AA25-F43E01AE6FFE}.Release|x64.ActiveCfg = Release|x64
		{14BC3362-BEFB-4A1C-AA25-F43E01AE6FFE}.Release|x64.Build.0 = Release|x64
		{14BC3362-BEFB-4A1C-AA25-F43E01AE6FFE}.Release|x86.ActiveCfg = Release|Win32
		{14BC3362-BEFB-4A1C-AA25-F43E01AE6FFE}.Release|x86.Build.0 = Release|Win32
		{8E3C447B-0C4A-4BAC-9F2E-24E7A2459E3F}.Debug|x64.ActiveCfg = Debug|x64
		{8E3C447B-0C4A-4BAC-9F2E-24E7A2459E3F}.Debug|x64.Build.0 = Debug|x64
		{8E3C447B-0C4A-4BAC-9F2E-24E7A2459E3F}.Debug|x86.ActiveCfg = Debug|Win32
		{8E3C447B-0C4A-4BAC-9F2E-24E7A2459E3F}.Debug|x86.Build.0 = Debug|Win32
		{8E3C447B-0C4A-4BAC-9F2E-24E7A2459E3F}.Release|x64.ActiveCfg = Release|x64
		{8E3C447B-0C4A-4BAC-9F2E-24E7A2459E3F}.Release|x64.Build.0 = Release|x64
		{8E3C447B-0C4A-4BAC-9F2E-24E7A2459E3F}.Release|x86.ActiveCfg = Release|Win32
		{8E3C447B-0C4A-4BAC-9F2E-24E7A2459E3F}.Release|x86.Build.0 = Release|Win32
		{78218CD7-E84E-426F-9F8D-C0268D8E67E1}.Debug|x64.ActiveCfg = Debug|x64
		{78218CD7-E84E-426F-9F8D-C0268D8E67E1}.Debug|x64.Build.0 = Debug|x64
		{78218CD7-E84E-426F-9F8D-C0268D8E67E1}.Debug|x86.ActiveCfg = Debug|Win32
		{78218CD7-E84E-426F-9F8D-C0268D8E67E1}.Debug|x86.Build.0 = Debug|Win32
		{78218CD7-E84E-426F-9F8D-C0268D8E67E1}.Release|x64.ActiveCfg = Release|x64
		{78218CD7-E84E-426F-9F8D-C0268D8E67E1}.Release|x64.Build.0 = Release|x64
		{78218CD7-E84E-426F-9F8D-C0268D8E67E1}.Release|x86.ActiveCfg = Release|Win32
		{78218CD7-E84E-426F-9F8D-C0268D8E67E1}.Release|x86.Build.0 = Release|Win32
		{732FD5EC-0DD1-4710-BF82-F63D9E43C331}.Debug|x64.ActiveCfg = Debug|x64
		{732FD5EC-0DD1-4710-BF82-F63D9E43C331}.Debug|x64.Build.0 = Debug|x64
		{732FD5EC-0DD1-4710-BF82-F63D9E43C331}.Debug|x86.ActiveCfg = Debug|Win32
		{732FD5EC-0DD1-4710-BF82-F63D9E43C331}.Debug|x86.Build.0 = Debug|Win32
		{732FD5EC-0DD1-4710-BF82-F63D9E43C331}.Release|x64.ActiveCfg = Release|x64
		{732FD5EC-0DD1-4710-BF82-F63D9E43C331}.Release|x64.Build.0 = Release|x64
		{732FD5EC-0DD1-4710-BF82-F63D9E43C331}.Release|x86.ActiveCfg = Release|Win32
		{732FD5EC-0DD1-4710-BF82-F63D9E43C331}.Release|x86.Build.0 = Release|Win32
		{577DECB8-0703-429B-93D9-BB4552A120F9}.Debug|x64.ActiveCfg = Debug|x64
		{577DECB8-0703-429B-93D9-BB4552A120F9}.Debug|x64.Build.0 = Debug|x64
		{577DECB8-0703-429B-93D9-BB4552A120F9}.Debug|x86.ActiveCfg = Debug|Win32
		{577DECB8-0703-429B-93D9-BB4552A120F9}.Debug|x86.Build.0 = Debug|Win32
		{577DECB8-0703-429B-93D9-BB4552A120F9}.Release|x64.ActiveCfg = Release|x64
		{577DECB8-0703-429B-93D9-BB4552A120F9}.Release|x64.Build.0 = Release|x64
		{577DECB8-0703-429B-93D9-BB4552A120F9}.Release|x86.ActiveCfg = Release|Win32
		{577DECB8-0703-429B-93D9-BB4552A120F9}.Release|x86.Build.0 = Release|Win32
		{38331D08-A7C3-41C4-BEE3-BE930CC03059}.Debug|x64.ActiveCfg = Debug|x64
		{38331D08-A7C3-41C4-BEE3-BE930CC03059}.Debug|x64.Build.0 = Debug|x64
		{38331D08-A7C3-41C4-BEE3-BE930CC03059}.Debug|x86.ActiveCfg = Debug|Win32
		{38331D08-A7C3-41C4-BEE3-BE930CC03059}.Debug|x86.Build.0 = Debug|Win32
		{38331D08-A7C3-41C4-BEE3-BE930CC03059}.Release|x64.ActiveCfg = Release|x64
		{38331D08-A7C3-41C4-BEE3-BE930CC03059}.Release|x64.Build.0 = Release|x64
		{38331D08-A7C3-41C4-BEE3-BE930CC03059}.Release|x86.ActiveCfg = Release|Win32
		{38331D08-A7C3-41C4-BEE3-BE930CC03059}.Release|x86.Build.0 = Release|Win32
		{C8F9D17F-6189-41BC-8C17-42F4C7B16E1F}.Debug|x64.ActiveCfg = Debug|x64
		{C8F9D17F-6189-41BC-8C17-42F4C7B16E1F}.Debug|x64.Build.0 = Debug|x64
		{C8F9D17F-6189-41BC-8C17-42F4C7B16E1F}.Debug|x86.ActiveCfg = Debug|Win32
		{C8F9D17F-6189-41BC-8C17-42F4C7B16E1F}.Debug|x86.Build.0 = Debug|Win32
		{C8F9D17F-6189-41BC-8C17-42F4C7B16E1F}.Release|x64.ActiveCfg = Release|x64
		{C8F9D17F-6189-41BC-8C17-42F4C7B16E1F}.Release|x64.Build.0 = Release|x64
		{C8F9D17F-6189-41BC-8C17-42F4C7B16E1F}.Release|x86.ActiveCfg = Release|Win32
		{C8F9D17F-6189-41BC-8C17-42F4C7B16E1F}.Release|x86.Build.0 = Release|Win32
		{A8442E1C-30DA-4406-B6AA-08477617DC31}.Debug|x64.ActiveCfg = Debug|x64
		{A8442E1C-30DA-4406-B6AA-08477617DC31}.Debug|x64.Build.0 = Debug|x64
		{A8442E1C-30DA-4406-B6AA-08477617DC31}.Debug|x86.ActiveCfg = Debug|Win32
		{A8442E1C-30DA-4406-B6AA-08477617DC31}.Debug|x86.Build.0 = Debug|Win32
		{A8442E1C-30DA-4406-B6AA-08477617DC31}.Release|x64.ActiveCfg = Release|x64
		{A8442E1C-30DA-4406-B6AA-08477617DC31}.Release|x64.Build.0 = Release|x64
		{A8442E1C-30DA-4406-B6AA-08477617DC31}.Release|x86.ActiveCfg = Release|Win32
		{A8442E1C-30DA-4406-B6AA-08477617DC31}.Release|x86.Build.0 = Release|Win32
		{B03CFC0F-4B3F-4EF1-9C87-F7590E329387}.Debug|x64.ActiveCfg = Debug|x64
		{B03CFC0F-4B3F-4EF1-9C87-F7590E329387}.Debug|x64.Build.0 = Debug|x64
		{B03CFC0F-4B3F-4EF1-9C87-F7590E329387}.Debug|x86.ActiveCfg = Debug|Win32
		{B03CFC0F-4B3F-4EF1-9C87-F7590E329387}.Debug|x86.Build.0 = Debug|Win32
		{B03CFC0F-4B3F-4EF1-9C87-F7590E329387}.Release|x64.ActiveCfg = Release|x64
		{B03CFC0F-4B3F-4EF1-9C87-F7590E329387}.Release|x64.Build.0 = Release|x64
		{B03CFC0F-4B3F-4EF1-9C87-F7590E329387}.Release|x86.ActiveCfg = Release|Win32
		{B03CFC0F-4B3F-4EF1-9C87-F7590E329387}.Release|x86.Build.0 = Release|Win32
		{DADBA5E5-418E-40B9-8B57-2768C290DB4D}.Debug|x64.ActiveCfg = Debug|x64
		{DADBA5E5-418E-40B9-8B57-2768C290DB4D}.Debug|x64.Build.0 = Debug|x64
		{DADBA5E5-418E-40B9-8B57-2768C290DB4D}.Debug|x86.ActiveCfg = Debug|Win32
		{DADBA5E5-418E-40B9-8B57-2768C290DB4D}.Debug|x86.Build.0 = Debug|Win32
		{DADBA5E5-418E-40B9-8B57-2768C290DB4D}.Release|x64.ActiveCfg = Release|x64
		{DADBA5E5-418E-40B9-8B57-2768C290DB4D}.Release|x64.Build.0 = Release|x64
		{DADBA5E5-418E-40B9-8B57-2768C290DB4D}.Release|x86.ActiveCfg = Release|Win32
		{DADBA5E5-418E-40B9-8B57-2768C290DB4D}.Release|x86.Build.0 = Release|Win32
		{A7BB3BCF-6A91-4573-B405-D710B8513C77}.Debug|x64.ActiveCfg = Debug|x64
		{A7BB3BCF-6A91-4573-B405-D710B8513C77}.Debug|x64.Build.0 = Debug|x64
		{A7BB3BCF-6A91-4573-B405-D710B8513C77}.Debug|x86.ActiveCfg = Debug|Win32
		{A7BB3BCF-6A91-4573-B405-D710B8513C77}.Debug|x86.Build.0 = Debug|Win32
		{A7BB3BCF-6A91-4573-B405-D710B8513C77}.Release|x64.ActiveCfg = Release|x64
		{A7BB3BCF-6A91-4573-B405-D710B8513C77}.Release|x64.Build.0 = Release|x64
		{A7BB3BCF-6A91-4573-B405-D710B8513C77}.Release|x86.ActiveCfg = Release|Win32
		{A7BB3BCF-6A91-4573-B405-D710B8513C77}.Release|x86.Build.0 = Release|Win32
		{6DD30E00-D9F4-420D-9718-33E9B855F63A}.Debug|x64.ActiveCfg = Debug|x64
		{6DD30E00-D9F4-420D-9718-33E9B855F63A}.Debug|x64.Build.0 = Debug|x64
		{6DD30E00-D9F4-420D-9718-33E9B855F63A}.Debug|x86.ActiveCfg = Debug|Win32
		{6DD30E00-D9F4-420D-9718-33E9B855F63A}.Debug|x86.Build.0 = Debug|Win32
		{6DD30E00-D9F4-420D-9718-33E9B855F63A}.Release|x64.ActiveCfg = Release|x64
		{6DD30E00-D9F4-420D-9718-33E9B855F63A}.Release|x64.Build.0 = Release|x64
		{6DD30E00-D9F4-420D-9718-33E9B855F63A}.Release|x86.ActiveCfg = Release|Win32
		{6DD30E00-D9F4-420D-9718-33E9B855F63A}.Release|x86.Build.0 = Release|Win32
		{30AEBB97-B3F8-4828-AED4-CBFFDA34791F}.Debug|x64.ActiveCfg = Debug|x64
		{30AEBB97-B3F8-4828-AED4-CBFFDA34791F}.Debug|x64.Build.0 = Debug|x64
		{30AEBB97-B3F8-4828-AED4-CBFFDA34791F}.Debug|x86.ActiveCfg = Debug|Win32
		{30AEBB97-B3F8-4828-AED4-CBFFDA34791F}.Debug|x86.Build.0 = Debug|Win32
		{30AEBB97-B3F8-4828-AED4-CBFFDA34791F}.Release|x64.ActiveCfg = Release|x64
		{30AEBB97-B3F8-4828-AED4-CBFFDA34791F}.Release|x64.Build.0 = Release|x64
		{30AEBB97-B3F8-4828-AED4-CBFFDA34791F}.Release|x86.ActiveCfg = Release|Win32
		{30AEBB97-B3F8-4828-AED4-CBFFDA34791F}.Release|x86.Build.0 = Release|Win32
		{C42BD89F-D7A2-464B-83C5-E5168DBE7E90}.Debug|x64.ActiveCfg = Debug|x64
		{C42BD89F-D7A2-464B-83C5-E5168DBE7E90}.Debug|x64.Build.0 = Debug|x64
		{C42BD89F-D7A2-464B-83C5-E5168DBE7E90}.Debug|x86.ActiveCfg = Debug|Win32
		{C42BD89F-D7A2-464B-83C5-E5168DBE7E90}.Debug|x86.Build.0 = Debug|Win32
		{C42BD89F-D7A2-464B-83C5-E5168DBE7E90}.Release|x64.ActiveCfg = Release|x64
		{C42BD89F-D7A2-464B-83C5-E5168DBE7E90}.Release|x64.Build.0 = Release|x64
		{C42BD89F-D7A2-464B-83C5-E5168DBE7E90}.Release|x86.ActiveCfg = Release|Win32
		{C42BD89F-D7A2-464B-83C5-E5168DBE7E90}.Release|x86.Build.0 = Release|Win32
		{7E393503-94D3-4335-B898-F4473B00D984}.Debug|x64.ActiveCfg = Debug|x64
		{7E393503-94D3-4335-B898-F4473B00D984}.Debug|x64.Build.0 = Debug|x64
		{7E393503-94D3-4335-B898-F4473B00D984}.Debug|x86.ActiveCfg = Debug|Win32
		{7E393503-94D3-4335-B898-F4473B00D984}.Debug|x86.Build.0 = Debug|Win32
		{7E393503-94D3-4335-B898-F4473B00D984}.Release|x64.ActiveCfg = Release|x64
		{7E393503-94D3-4335-B898-F4473B00D984}.Release|x64.Build.0 = Release|x64
		{7E393503-94D3-4335-B898-F4473B00D984}.Release|x86.ActiveCfg = Release|Win32
		{7E393503-94D3-4335-B898-F4473B00D984}.Release|x86.Build.0 = Release|Win32
		{6CFCB87F-456C-4CDD-828D-9E4DE34FBA64}.Debug|x64.ActiveCfg = Debug|x64
		{6CFCB87F-456C-4CDD-828D-9E4DE34FBA64}.Debug|x64.Build.0 = Debug|x64
		{6CFCB87F-456C-4CDD-828D-9E4DE34FBA64}.Debug|x86.ActiveCfg = Debug|Win32
		{6CFCB87F-456C-4CDD-828D-9E4DE34FBA64}.Debug|x86.Build.0 = Debug|Win32
		{6CFCB87F-456C-4CDD-828D-9E4DE34FBA64}.Release|x64.ActiveCfg = Release|x64
		{6CFCB87F-456C-4CDD-828D-9E4DE34FBA64}.Release|x64.Build.0 = Release|x64
		{6CFCB87F-456C-4CDD-828D-9E4DE34FBA64}.Release|x86.ActiveCfg = Release|Win32
		{6CFCB87F-456C-4CDD-828D-9E4DE34FBA64}.Release|x86.Build.0 = Release|Win32
		{E165D417-B771-49D8-9F4E-F93D6B41CA2A}.Debug|x64.ActiveCfg = Debug|x64
		{E165D417-B771-49D8-9F4E-F93D6B41CA2A}.Debug|x64.Build.0 = Debug|x64
		{E165D417-B771-49D8-9F4E-F93D6B41CA2A}.Debug|x86.ActiveCfg = Debug|Win32
		{E165D417-B771-49D8-9F4E-F93D6B41CA2A}.Debug|x86.Build.0 = Debug|Win32
		{E165D417-B771-49D8-9F4E-F93D6B41CA2A}.Release|x64.ActiveCfg = Release|x64
		{E165D417-B771-49D8-9F4E-F93D6B41CA2A}.Release|x64.Build.0 = Release|x64
		{E165D417-B771-49D8-9F4E-F93D6B41CA2A}.Release|x86.ActiveCfg = Release|Win32
		{E165D417-B771-49D8-9F4E-F93D6B41CA2A}.Release|x86.Build.0 = Release|Win32
		{A1D1519B-1DFD-455C-B64C-79B19165B77E}.Debug|x64.ActiveCfg = Debug|x64
		{A1D1519B-1DFD-455C-B64C-79B19165B77E}.Debug|x64.Build.0 = Debug|x64
		{A1D1519B-1DFD-455C-B64C-79B19165B77E}.Debug|x86.ActiveCfg = Debug|Win32
		{A1D1519B-1DFD-455C-B64C-79B19165B77E}.Debug|x86.Build.0 = Debug|Win32
		{A1D1519B-1DFD-455C-B64C-79B19165B77E}.Release|x64.ActiveCfg = Release|x64
		{A1D1519B-1DFD-455C-B64C-79B19165B77E}.Release|x64.Build.0 = Release|x64
		{A1D1519B-1DFD-455C-B64C-79B19165B77E}.Release|x86.ActiveCfg = Release|Win32
		{A1D1519B-1DFD-455C-B64C-79B19165B77E}.Release|x86.Build.0 = Release|Win32
		{BBE3BD2F-B332-471D-9CB8-0912B408CA91}.Debug|x64.ActiveCfg = Debug|x64
		{BBE3BD2F-B332-471D-9CB8-0912B408CA91}.Debug|x64.Build.0 = Debug|x64
		{BBE3BD2F-B332-471D-9CB8-0912B408CA91}.Debug|x86.ActiveCfg = Debug|Win32
		{BBE3BD2F-B332-471D-9CB8-0912B408CA91}.Debug|x86.Build.0 = Debug|Win32
		{BBE3BD2F-B332-471D-9CB8-0912B408CA91}.Release|x64.ActiveCfg = Release|x64
		{BBE3BD2F-B332-471D-9CB8-0912B408CA91}.Release|x64.Build.0 = Release|x64
		{BBE3BD2F-B332-471D-9CB8-0912B408CA91}.Release|x86.ActiveCfg = Release|Win32
		{BBE3BD2F-B332-471D-9CB8-0912B408CA91}.Release|x86.Build.0 = Release|Win32
		{750B609A-1352-4CEC-8E6F-7066B26D97BC}.Debug|x64.ActiveCfg = Debug|x64
		{750B609A-1352-4CEC-8E6F-7066B26D97BC}.Debug|x64.Build.0 = Debug|x64
		{750B609A-1352-4CEC-8E6F-7066B26D97BC}.Debug|x86.ActiveCfg = Debug|Win32
		{750B609A-1352-4CEC-8E6F-7066B26D97BC}.Debug|x86.Build.0 = Debug|Win32
		{750B609A-1352-4CEC-8E6F-7066B26D97BC}.Release|x64.ActiveCfg = Release|x64
		{750B609A-1352-4CEC-8E6F-7066B26D97BC}.Release|x64.Build.0 = Release|x64
		{750B609A-1352-4CEC-8E6F-7066B26D97BC}.Release|x86.ActiveCfg = Release|Win32
		{750B609A-1352-4CEC-8E6F-7066B26D97BC}.Release|x86.Build.0 = Release|Win32
		{CE793A40-3875-4580-98DA-964987DECB53}.Debug|x64.ActiveCfg = Debug|x64
		{CE793A40-3875-4580-98DA-964987DECB53}.Debug|x64.Build.0 = Debug|x64
		{CE793A40-3875-4580-98DA-964987DECB53}.Debug|x86.ActiveCfg = Debug|Win32
		{CE793A40-3875-4580-98DA-964987DECB53}.Debug|x86.Build.0 = Debug|Win32
		{CE793A40-3875-4580-98DA-964987DECB53}.Release|x64.ActiveCfg = Release|x64
		{CE793A40-3875-4580-98DA-964987DECB53}.Release|x64.Build.0 = Release|x64
		{CE793A40-3875-4580-98DA-964987DECB53}.Release|x86.ActiveCfg = Release|Win32
		{CE793A40-3875-4580-98DA-964987DECB53}.Release|x86.Build.0 = Release|Win32
		{CB5EC619-CAD9-4A27-80BA-725A62ED6DEE}.Debug|x64.ActiveCfg = Debug|x64
		{CB5EC619-CAD9-4A27-80BA-725A62ED6DEE}.Debug|x64.Build.0 = Debug|x64
		{CB5EC619-CAD9-4A27-80BA-725A62ED6DEE}.Debug|x86.ActiveCfg = Debug|Win32
		{CB5EC619-CAD9-4A27-80BA-725A62ED6DEE}.Debug|x86.Build.0 = Debug|Win32
		{CB5EC619-CAD9-4A27-80BA-725A62ED6DEE}.Release|x64.ActiveCfg = Release|x64
		{CB5EC619-CAD9-4A27-80BA-725A62ED6DEE}.Release|x64.Build.0 = Release|x64
		{CB5EC619-CAD9-4A27-80BA-725A62ED6DEE}.Release|x86.ActiveCfg = Release|Win32
		{CB5EC619-CAD9-4A27-80BA-725A62ED6DEE}.Release|x86.Build.0 = Release|Win32
		{44C33AB4-AC91-4F92-A8D4-653F64156EE2}.Debug|x64.ActiveCfg = Debug|x64
		{44C33AB4-AC91-4F92-A8D4-653F64156EE2}.Debug|x64.Build.0 = Debug|x64
		{44C33AB4-AC91-4F92-A8D4-653F64156EE2}.Debug|x86.ActiveCfg = Debug|Win32
		{44C33AB4-AC91-4F92-A8D4-653F64156EE2}.Debug|x86.Build.0 = Debug|Win32
		{44C33AB4-AC91-4F92-A8D4-653F64156EE2}.Release|x64.ActiveCfg = Release|x64
		{44C33AB4-AC91-4F92-A8D4-653F64156EE2}.Release|x64.Build.0 = Release|x64
		{44C33AB4-AC91-4F92-A8D4-653F64156EE2}.Release|x86.ActiveCfg = Release|Win32
		{44C33AB4-AC91-4F92-A8D4-653F64156EE2}.Release|x86.Build.0 = Release|Win32
		{26FF1BFD-96F1-40B0-B406-443D8CA8C936}.Debug|x64.ActiveCfg = Debug|x64
		{26FF1BFD-96F1-40B0-B406-443D8CA8C936}.Debug|x64.Build.0 = Debug|x64
		{26FF1BFD-96F1-40B0-B406-443D8CA8C936}.Debug|x86.ActiveCfg = Debug|Win32
		{26FF1BFD-96F1-40B0-B406-443D8CA8C936}.Debug|x86.Build.0 = Debug|Win32
		{26FF1BFD-96F1-40B0-B406-443D8CA8C936}.Release|x64.ActiveCfg = Release|x64
		{26FF1BFD-96F1-40B0-B406-443D8CA8C936}.Release|x64.Build.0 = Release|x64
		{26FF1BFD-96F1-40B0-B406-443D8CA8C936}.Release|x86.ActiveCfg = Release|Win32
		{26FF1BFD-96F1-40B0-B406-443D8CA8C936}.Release|x86.Build.0 = Release|Win32
		{90FCE4E9-EF32-46F4-A925-F9268426303B}.Debug|x64.ActiveCfg = Debug|x64
		{90FCE4E9-EF32-46F4-A925-F9268426303B}.Debug|x64.Build.0 = Debug|x64
		{90FCE4E9-EF32-46F4-A925-F9268426303B}.Debug|x86.ActiveCfg = Debug|Win32
		{90FCE4E9-EF32-46F4-A925-F9268426303B}.Debug|x86.Build.0 = Debug|Win32
		{90FCE4E9-EF32-46F4-A925-F9268426303B}.Release|x64.ActiveCfg = Release|x64
		{90FCE4E9-EF32-46F4-A925-F9268426303B}.Release|x64.Build.0 = Release|x64
		{90FCE4E9-EF32-46F4-A925-F9268426303B}.Release|x86.ActiveCfg = Release|Win32
		{90FCE4E9-EF32-46F4-A925-F9268426303B}.Release|x86.Build.0 = Release|Win32
		{33D3B662-23FB-443C-9D1F-9E234DE75BAB}.Debug|x64.ActiveCfg = Debug|x64
		{33D3B662-23FB-443C-9D1F-9E234DE75BAB}.Debug|x64.Build.0 = Debug|x64
		{33D3B662-23FB-443C-9D1F-9E234DE75BAB}.Debug|x86.ActiveCfg = Debug|Win32
		{33D3B662-23FB-443C-9D1F-9E234DE75BAB}.Debug|x86.Build.0 = Debug|Win32
		{33D3B662-23FB-443C-9D1F-9E234DE75BAB}.Release|x64.ActiveCfg = Release|x64
		{33D3B662-23FB-443C-9D1F-9E234DE75BAB}.Release|x64.Build.0 = Release|x64
		{33D3B662-23FB-443C-9D1F-9E234DE75BAB}.Release|x86.ActiveCfg = Release|Win32
		{33D3B662-23FB-443C-9D1F-9E234DE75BAB}.Release|x86.Build.0 = Release|Win32
		{352D8DDD-B151-4983-A671-1C1FC06E2D3B}.Debug|x64.ActiveCfg = Debug|x64
		{352D8DDD-B151-4983-A671-1C1FC06E2D3B}.Debug|x64.Build.0 = Debug|x64
		{352D8DDD-B151-4983-A671-1C1FC06E2D3B}.Debug|x86.ActiveCfg = Debug|Win32
		{352D8DDD-B151-4983-A671-1C1FC06E2D3B}.Debug|x86.Build.0 = Debug|Win32
		{352D8DDD-B151-4983-A671-1C1FC06E2D3B}.Release|x64.ActiveCfg = Release|x64
		{352D8DDD-B151-4983-A671-1C1FC06E2D3B}.Release|x64.Build.0 = Release|x64
		{352D8DDD-B151-4983-A671-1C1FC06E2D3B}.Release|x86.ActiveCfg = Release|Win32
		{352D8DDD-B151-4983-A671-1C1FC06E2D3B}.Release|x86.Build.0 = Release|Win32
		{AA0957EF-49C0-4BE9-BD72-5AF42D706BD5}.Debug|x64.ActiveCfg = Debug|x64
		{AA0957EF-49C0-4BE9-BD72-5AF42D706BD5}.Debug|x64.Build.0 = Debug|x64
		{AA0957EF-49C0-4BE9-BD72-5AF42D706BD5}.Debug|x86.ActiveCfg = Debug|Win32
		{AA0957EF-49C0-4BE9-BD72-5AF42D706BD5}.Debug|x86.Build.0 = Debug|Win32
		{AA0957EF-49C0-4BE9-BD72-5AF42D706BD5}.Release|x64.ActiveCfg = Release|x64
		{AA0957EF-49C0-4BE9-BD72-5AF42D706BD5}.Release|x64.Build.0 = Release|x64
		{AA0957EF-49C0-4BE9-BD72-5AF42D706BD5}.Release|x86.ActiveCfg = Release|Win32
		{AA0957EF-49C0-4BE9-BD72-5AF42D706BD5}.Release|x86.Build.0 = Release|Win32
		{55B6EC31-1AF5-4C49-A5AE-1A56B5A683B4}.Debug|x64.ActiveCfg = Debug|x64
		{55B6EC31-1AF5-4C49-A5AE-1A56B5A683B4}.Debug|x64.Build.0 = Debug|x64
		{55B6EC31-1AF5-4C49-A5AE-1A56B5A683B4}.Debug|x86.ActiveCfg = Debug|Win32
		{55B6EC31-1AF5-4C49-A5AE-1A56B5A683B4}.Debug|x86.Build.0 = Debug|Win32
		{55B6EC31-1AF5-4C49-A5AE-1A56B5A683B4}.Release|x64.ActiveCfg = Release|x64
		{55B6EC31-1AF5-4C49-A5AE-1A56B5A683B4}.Release|x64.Build.0 = Release|x64
		{55B6EC31-1AF5-4C49-A5AE-1A56B5A683B4}.Release|x86.ActiveCfg = Release|Win32
		{55B6EC31-1AF5-4C49-A5AE-1A56B5A683B4}.Release|x86.Build.0 = Release|Win32
		{5E2BDDCF-5F03-42D6-A522-E5BA655435C2}.Debug|x64.ActiveCfg = Debug|x64
		{5E2BDDCF-5F03-42D6-A522-E5BA655435C2}.Debug|x64.Build.0 = Debug|x64
		{5E2BDDCF-5F03-42D6-A522-E5BA655435C2}.Debug|x86.ActiveCfg = Debug|Win32
		{5E2BDDCF-5F03-42D6-A522-E5BA655435C2}.Debug|x86.Build.0 = Debug|Win32
		{5E2BDDCF-5F03-42D6-A522-E5BA655435C2}.Release|x64.ActiveCfg = Release|x64
		{5E2BDDCF-5F03-42D6-A522-E5BA655435C2}.Release|x64.Build.0 = Release|x64
		{5E2BDDCF-5F03-42D6-A522-E5BA655435C2}.Release|x86.ActiveCfg = Release|Win32
		{5E2BDDCF-5F03-42D6-A522-E5BA655435C2}.Release|x86.Build.0 = Release|Win32
		{3337B049-D0C1-49A3-8FC1-EC58EE664EE9}.Debug|x64.ActiveCfg = Debug|x64
		{3337B049-D0C1-49A3-8FC1-EC58EE664EE9}.Debug|x64.Build.0 = Debug|x64
		{3337B049-D0C1-49A3-8FC1-EC58EE664EE9}.Debug|x86.ActiveCfg = Debug|Win32
		{3337B049-D0C1-49A3-8FC1-EC58EE664EE9}.Debug|x86.Build.0 = Debug|Win32
		{3337B049-D0C1-49A3-8FC1-EC58EE664EE9}.Release|x64.ActiveCfg = Release|x64
		{3337B049-D0C1-49A3-8FC1-EC58EE664EE9}.Release|x64.Build.0 = Release|x64
		{3337B049-D0C1-49A3-8FC1-EC58EE664EE9}.Release|x86.ActiveCfg = Release|Win32
		{3337B049-D0C1-49A3-8FC1-EC58EE664EE9}.Release|x86.Build.0 = Release|Win32
		{16E63168-FC2C-41C4-A423-6133E4C56C30}.Debug|x64.ActiveCfg = Debug|x64
		{16E63168-FC2C-41C4-A423-6133E4C56C30}.Debug|x64.Build.0 = Debug|x64
		{16E63168-FC2C-41C4-A423-6133E4C56C30}.Debug|x86.ActiveCfg = Debug|Win32
		{16E63168-FC2C-41C4-A423-6133E4C56C30}.Debug|x86.Build.0 = Debug|Win32
		{16E63168-FC2C-41C4-A423-6133E4C56C30}.Release|x64.ActiveCfg = Release|x64
		{16E63168-FC2C-41C4-A423-6133E4C56C30}.Release|x64.Build.0 = Release|x64
		{16E63168-FC2C-41C4-A423-6133E4C56C30}.Release|x86.ActiveCfg = Release|Win32
		{16E63168-FC2C-41C4-A423-6133E4C56C30}.Release|x86.Build.0 = Release|Win32
		{8A8B79A9-40D7-4229-B380-C836C9BBD5BC}.Debug|x64.ActiveCfg = Debug|x64
		{8A8B79A9-40D7-4229-B380-C836C9BBD5BC}.Debug|x64.Build.0 = Debug|x64
		{8A8B79A9-40D7-4229-B380-C836C9BBD5BC}.Debug|x86.ActiveCfg = Debug|Win32
		{8A8B79A9-40D7-4229-B380-C836C9BBD5BC}.Debug|x86.Build.0 = Debug|Win32
		{8A8B79A9-40D7-4229-B380-C836C9BBD5BC}.Release|x64.ActiveCfg = Release|x64
		{8A8B79A9-40D7-4229-B380-C836C9BBD5BC}.Release|x64.Build.0 = Release|x64
		{8A8B79A9-40D7-4229-B380-C836C9BBD5BC}.Release|x86.ActiveCfg = Release|Win32
		{8A8B79A9-40D7-4229-B380-C836C9BBD5BC}.Release|x86.Build.0 = Release|Win32
		{EEE2B1C3-68B4-4216-8EF0-144FAC000350}.Debug|x64.ActiveCfg = Debug|x64
		{EEE2B1C3-68B4-4216-8EF0-144FAC000350}.Debug|x64.Build.0 = Debug|x64
		{EEE2B1C3-68B4-4216-8EF0-144FAC000350}.Debug|x86.ActiveCfg = Debug|Win32
		{EEE2B1C3-68B4-4216-8EF0-144FAC000350}.Debug|x86.Build.0 = Debug|Win32
		{EEE2B1C3-68B4-4216-8EF0-144FAC000350}.Release|x64.ActiveCfg = Release|x64
		{EEE2B1C3-68B4-4216-8EF0-144FAC000350}.Release|x64.Build.0 = Release|x64
		{EEE2B1C3-68B4-4216-8EF0-144FAC000350}.Release|x86.ActiveCfg = Release|Win32
		{EEE2B1C3-68B4-4216-8EF0-144FAC000350}.Release|x86.Build.0 = Release|Win32
		{1822883E-131F-414B-9ADF-74E39BDF32ED}.Debug|x64.ActiveCfg = Debug|x64
		{1822883E-131F-414B-9ADF-74E39BDF32ED}.Debug|x64.Build.0 = Debug|x64
		{1822883E-131F-414B-9ADF-74E39BDF32ED}.Debug|x86.ActiveCfg = Debug|Win32
		{1822883E-131F-414B-9ADF-74E39BDF32ED}.Debug|x86.Build.0 = Debug|Win32
		{1822883E-131F-414B-9ADF-74E39BDF32ED}.Release|x64.ActiveCfg = Release|x64
		{1822883E-131F-414B-9ADF-74E39BDF32ED}.Release|x64.Build.0 = Release|x64
		{1822883E-131F-414B-9ADF-74E39BDF32ED}.Release|x86.ActiveCfg = Release|Win32
		{1822883E-131F-414B-9ADF-74E39BDF32ED}.Release|x86.Build.0 = Release|Win32
		{24312441-8E16-439D-9671-ECAFEF944A3C}.Debug|x64.ActiveCfg = Debug|x64
		{24312441-8E16-439D-9671-ECAFEF944A3C}.Debug|x64.Build.0 = Debug|x64
		{24312441-8E16-439D-9671-ECAFEF944A3C}.Debug|x86.ActiveCfg = Debug|Win32
		{24312441-8E16-439D-9671-ECAFEF944A3C}.Debug|x86.Build.0 = Debug|Win32
		{24312441-8E16-439D-9671-ECAFEF944A3C}.Release|x64.ActiveCfg = Release|x64
		{24312441-8E16-439D-9671-ECAFEF944A3C}.Release|x64.Build.0 = Release|x64
		{24312441-8E16-439D-9671-ECAFEF944A3C}.Release|x86.ActiveCfg = Release|Win32
		{24312441-8E16-439D-9671-ECAFEF944A3C}.Release|x86.Build.0 = Release|Win32
		{548828BA-2733-4862-8911-28417A45EC19}.Debug|x64.ActiveCfg = Debug|x64
		{548828BA-2733-4862-8911-28417A45EC19}.Debug|x64.Build.0 = Debug|x64
		{548828BA-2733-4862-8911-28417A45EC19}.Debug|x86.ActiveCfg = Debug|Win32
		{548828BA-2733-4862-8911-28417A45EC19}.Debug|x86.Build.0 = Debug|Win32
		{548828BA-2733-4862-8911-28417A45EC19}.Release|x64.ActiveCfg = Release|x64
		{548828BA-2733-4862-8911-28417A45EC19}.Release|x64.Build.0 = Release|x64
		{548828BA-2733-4862-8911-28417A45EC19}.Release|x86.ActiveCfg = Release|Win32
		{548828BA-2733-4862-8911-28417A45EC19}.Release|x86.Build.0 = Release|Win32
	EndGlobalSection
	GlobalSection(SolutionProperties) = preSolution
		HideSolutionNode = FALSE
	EndGlobalSection
	GlobalSection(NestedProjects) = preSolution
		{09190939-9969-4BED-A513-6CB3B4B22903} = {9429FA6C-8F2E-4637-A773-A1925C157011}
		{7926153B-AFE4-4F68-8E3B-2BE459748EBA} = {9429FA6C-8F2E-4637-A773-A1925C157011}
		{EFEBF3DB-B61D-4DBF-83C4-2F66C998929D} = {9429FA6C-8F2E-4637-A773-A1925C157011}
		{FBD255F8-73E5-44DE-BB68-17B043A2E416} = {0EB97192-542F-4B14-AC0C-031722A941D6}
		{AB60D7FB-9361-486F-906B-730F910584D4} = {0EB97192-542F-4B14-AC0C-031722A941D6}
		{ADB03850-5898-4B31-B6C3-B171A2B6AA5C} = {B40F62E9-858D-46A3-BE5E-70238E69003B}
		{CD8746B4-AEC9-41A0-A7F3-A1BFC23A60D9} = {B40F62E9-858D-46A3-BE5E-70238E69003B}
		{15BAA0DB-3A1E-483D-99AB-C90B9E63CEDE} = {B40F62E9-858D-46A3-BE5E-70238E69003B}
		{C8B1EAED-B1FF-4A6F-9796-AF18E8991184} = {C15FB094-5ED1-4F1F-BE43-831464A6BF65}
		{201C113A-DC6D-4B47-A219-929A3EBA1A61} = {C15FB094-5ED1-4F1F-BE43-831464A6BF65}
		{46B78EA0-B8F3-4F67-AF89-3C1B3E482535} = {083FAA24-DE30-4522-AA26-D4001D22F9D5}
		{3209CCA1-1E27-4B04-B371-82FB2A1E3436} = {083FAA24-DE30-4522-AA26-D4001D22F9D5}
		{98F90DDA-3751-4E15-A36F-D5348197C09D} = {083FAA24-DE30-4522-AA26-D4001D22F9D5}
		{10781075-815D-481E-95F6-024085D24FBE} = {789F6BD0-9141-4B13-B178-D70CB12D1B79}
		{E68030F1-CF81-4260-B817-E862E61737A5} = {892E13D4-67B0-4C98-B27F-70432D08F42D}
		{EABC8C61-317F-47EC-A043-F75277AB0EE1} = {892E13D4-67B0-4C98-B27F-70432D08F42D}
		{22A29A17-0933-4863-8A0C-746BFE2BD552} = {892E13D4-67B0-4C98-B27F-70432D08F42D}
		{DA2277E3-80FD-4028-8E7B-6B7467B7F2D0} = {DDF4A0FB-A801-439A-930F-C43F238CBF59}
		{2197772A-3E88-4453-A016-A5810F6A2C4E} = {DDF4A0FB-A801-439A-930F-C43F238CBF59}
		{AF02B335-C809-4C53-A4E1-7D29462EA735} = {4414E72A-CA58-4E0D-8E70-CA263EDF3532}
		{EB70CACD-6441-4F55-9011-5ECF76C8000F} = {4414E72A-CA58-4E0D-8E70-CA263EDF3532}
		{9F958DC4-620A-4CC3-82CF-2CEE0C94CAA3} = {4414E72A-CA58-4E0D-8E70-CA263EDF3532}
		{79F5D1C0-932C-44A6-A0F5-F6DBF33245A0} = {1E0DBAA8-BCC0-43CC-B13B-E69A8870CC42}
		{1CEB9DC3-7499-420F-B6E7-3EF6FEB79BB2} = {C8FBF088-58A1-430D-AFDB-C10FEE9A9547}
		{6AD7644F-663E-4517-A7CC-79C300470E87} = {C8FBF088-58A1-430D-AFDB-C10FEE9A9547}
		{65B44773-655F-49C1-8039-206550CFF372} = {29148C02-ED29-4775-9342-4E7BCF4263C3}
		{EC9B903C-9022-46F6-A9BD-C3A3C9A09852} = {29148C02-ED29-4775-9342-4E7BCF4263C3}
		{22972F8C-145D-4506-BAA6-9C6D72E5C74E} = {8DEAAAFC-39B9-4D65-9766-9FDE17270059}
		{14C5EDDC-3162-4B94-99F2-16CC5F7DD0C4} = {8DEAAAFC-39B9-4D65-9766-9FDE17270059}
		{5331E875-621B-4205-9F83-873A297D11DD} = {8DEAAAFC-39B9-4D65-9766-9FDE17270059}
		{1F70A289-DF70-40FC-A84F-2E064765B038} = {63F7A322-427F-4D45-8880-C51284ADF697}
		{312C47AA-CFB6-4B9A-B58B-E108796C8ECB} = {63F7A322-427F-4D45-8880-C51284ADF697}
		{40536BE5-BEF4-4013-9E44-402EDB84FB31} = {63F7A322-427F-4D45-8880-C51284ADF697}
		{BD195F71-8321-41D7-B640-17FEDC1CC288} = {224C54F3-74DD-418A-B820-78FB13417643}
		{7FBEE345-8A49-4F87-84E4-03844900F148} = {224C54F3-74DD-418A-B820-78FB13417643}
		{1F2C2B7D-AE97-4042-89FB-967AE4E76C2D} = {224C54F3-74DD-418A-B820-78FB13417643}
		{14BC3362-BEFB-4A1C-AA25-F43E01AE6FFE} = {708E4806-2137-4E90-A325-A30DF302DB7E}
		{8E3C447B-0C4A-4BAC-9F2E-24E7A2459E3F} = {708E4806-2137-4E90-A325-A30DF302DB7E}
		{78218CD7-E84E-426F-9F8D-C0268D8E67E1} = {708E4806-2137-4E90-A325-A30DF302DB7E}
		{732FD5EC-0DD1-4710-BF82-F63D9E43C331} = {708E4806-2137-4E90-A325-A30DF302DB7E}
		{577DECB8-0703-429B-93D9-BB4552A120F9} = {0136DD59-86A5-4C28-98D8-D852C12AC721}
		{38331D08-A7C3-41C4-BEE3-BE930CC03059} = {0136DD59-86A5-4C28-98D8-D852C12AC721}
		{C8F9D17F-6189-41BC-8C17-42F4C7B16E1F} = {0136DD59-86A5-4C28-98D8-D852C12AC721}
		{A8442E1C-30DA-4406-B6AA-08477617DC31} = {83EABC7E-7B76-4212-80D1-6748472BA8B0}
		{B03CFC0F-4B3F-4EF1-9C87-F7590E329387} = {83EABC7E-7B76-4212-80D1-6748472BA8B0}
		{DADBA5E5-418E-40B9-8B57-2768C290DB4D} = {6CDECBE3-340A-4B85-BAD5-ACB9A7D751E2}
		{A7BB3BCF-6A91-4573-B405-D710B8513C77} = {6CDECBE3-340A-4B85-BAD5-ACB9A7D751E2}
		{6DD30E00-D9F4-420D-9718-33E9B855F63A} = {6CDECBE3-340A-4B85-BAD5-ACB9A7D751E2}
		{30AEBB97-B3F8-4828-AED4-CBFFDA34791F} = {6CDECBE3-340A-4B85-BAD5-ACB9A7D751E2}
		{C42BD89F-D7A2-464B-83C5-E5168DBE7E90} = {83EABC7E-7B76-4212-80D1-6748472BA8B0}
		{7E393503-94D3-4335-B898-F4473B00D984} = {83EABC7E-7B76-4212-80D1-6748472BA8B0}
		{6CFCB87F-456C-4CDD-828D-9E4DE34FBA64} = {83EABC7E-7B76-4212-80D1-6748472BA8B0}
		{E165D417-B771-49D8-9F4E-F93D6B41CA2A} = {B236A63B-3869-4A7A-8EE9-6B0680EFE257}
		{A1D1519B-1DFD-455C-B64C-79B19165B77E} = {7987AE98-AE07-461D-8DF7-2EDE6EC44D5B}
		{BBE3BD2F-B332-471D-9CB8-0912B408CA91} = {7987AE98-AE07-461D-8DF7-2EDE6EC44D5B}
		{750B609A-1352-4CEC-8E6F-7066B26D97BC} = {7987AE98-AE07-461D-8DF7-2EDE6EC44D5B}
		{CE793A40-3875-4580-98DA-964987DECB53} = {7987AE98-AE07-461D-8DF7-2EDE6EC44D5B}
		{CB5EC619-CAD9-4A27-80BA-725A62ED6DEE} = {7987AE98-AE07-461D-8DF7-2EDE6EC44D5B}
		{44C33AB4-AC91-4F92-A8D4-653F64156EE2} = {BA443F4A-3FE5-437C-B339-99BFEB553E89}
		{26FF1BFD-96F1-40B0-B406-443D8CA8C936} = {BA443F4A-3FE5-437C-B339-99BFEB553E89}
		{90FCE4E9-EF32-46F4-A925-F9268426303B} = {6CDECBE3-340A-4B85-BAD5-ACB9A7D751E2}
		{33D3B662-23FB-443C-9D1F-9E234DE75BAB} = {6CDECBE3-340A-4B85-BAD5-ACB9A7D751E2}
		{352D8DDD-B151-4983-A671-1C1FC06E2D3B} = {6CDECBE3-340A-4B85-BAD5-ACB9A7D751E2}
		{AA0957EF-49C0-4BE9-BD72-5AF42D706BD5} = {6CDECBE3-340A-4B85-BAD5-ACB9A7D751E2}
		{55B6EC31-1AF5-4C49-A5AE-1A56B5A683B4} = {6CDECBE3-340A-4B85-BAD5-ACB9A7D751E2}
		{5E2BDDCF-5F03-42D6-A522-E5BA655435C2} = {6CDECBE3-340A-4B85-BAD5-ACB9A7D751E2}
		{3337B049-D0C1-49A3-8FC1-EC58EE664EE9} = {6CDECBE3-340A-4B85-BAD5-ACB9A7D751E2}
		{8A8B79A9-40D7-4229-B380-C836C9BBD5BC} = {6CDECBE3-340A-4B85-BAD5-ACB9A7D751E2}
		{EEE2B1C3-68B4-4216-8EF0-144FAC000350} = {54D34ED2-E451-44B0-9480-DDA2D434568E}
		{1822883E-131F-414B-9ADF-74E39BDF32ED} = {54D34ED2-E451-44B0-9480-DDA2D434568E}
		{24312441-8E16-439D-9671-ECAFEF944A3C} = {54D34ED2-E451-44B0-9480-DDA2D434568E}
		{548828BA-2733-4862-8911-28417A45EC19} = {54D34ED2-E451-44B0-9480-DDA2D434568E}
	EndGlobalSection
	GlobalSection(ExtensibilityGlobals) = postSolution
		SolutionGuid = {04F335FB-30FC-4182-9382-1651560DD8C2}
	EndGlobalSection
EndGlobal
